// !$*UTF8*$!
{
	archiveVersion = 1;
	classes = {
	};
	objectVersion = 46;
	objects = {

/* Begin PBXBuildFile section */
		3D0FF6A11E61275A008DD77A /* LGHYHDMainViewController.m in Sources */ = {isa = PBXBuildFile; fileRef = 3D0FF6A01E61275A008DD77A /* LGHYHDMainViewController.m */; };
		3D0FF6A41E614EE1008DD77A /* LGHYHDRealNameTableView.m in Sources */ = {isa = PBXBuildFile; fileRef = 3D0FF6A31E614EE1008DD77A /* LGHYHDRealNameTableView.m */; };
		3D0FF6A71E6159F9008DD77A /* LGHYHDRealName.m in Sources */ = {isa = PBXBuildFile; fileRef = 3D0FF6A61E6159F9008DD77A /* LGHYHDRealName.m */; };
		3D0FF6A91E615AC2008DD77A /* RealNameList.plist in Resources */ = {isa = PBXBuildFile; fileRef = 3D0FF6A81E615AC2008DD77A /* RealNameList.plist */; };
		3D0FF6AC1E616805008DD77A /* LGHYHDNameOfRealViewController.m in Sources */ = {isa = PBXBuildFile; fileRef = 3D0FF6AB1E616805008DD77A /* LGHYHDNameOfRealViewController.m */; };
		3D0FF6AF1E616829008DD77A /* LGHYHDNumberOfRealViewController.m in Sources */ = {isa = PBXBuildFile; fileRef = 3D0FF6AE1E616829008DD77A /* LGHYHDNumberOfRealViewController.m */; };
		3D0FF6B21E616837008DD77A /* LGHYHDCountryOfRealViewController.m in Sources */ = {isa = PBXBuildFile; fileRef = 3D0FF6B11E616837008DD77A /* LGHYHDCountryOfRealViewController.m */; };
		3D0FF6B51E61683F008DD77A /* LGHYHDSexOfRealViewController.m in Sources */ = {isa = PBXBuildFile; fileRef = 3D0FF6B41E61683F008DD77A /* LGHYHDSexOfRealViewController.m */; };
		3D0FF6B81E616855008DD77A /* LGHYHDUploadImageViewController.m in Sources */ = {isa = PBXBuildFile; fileRef = 3D0FF6B71E616855008DD77A /* LGHYHDUploadImageViewController.m */; };
		3D0FF6BB1E618848008DD77A /* LGHYHDUpLoadingImage.m in Sources */ = {isa = PBXBuildFile; fileRef = 3D0FF6BA1E618848008DD77A /* LGHYHDUpLoadingImage.m */; };
		3D0FF6FD1E61B8A8008DD77A /* LGHYHDMainView.m in Sources */ = {isa = PBXBuildFile; fileRef = 3D0FF6FC1E61B8A8008DD77A /* LGHYHDMainView.m */; };
		3D0FF7001E61BED6008DD77A /* LGHYHeaderCell.m in Sources */ = {isa = PBXBuildFile; fileRef = 3D0FF6FF1E61BED6008DD77A /* LGHYHeaderCell.m */; };
		3D0FF7051E61C198008DD77A /* LGHYBackView.m in Sources */ = {isa = PBXBuildFile; fileRef = 3D0FF7021E61C198008DD77A /* LGHYBackView.m */; };
		3D0FF7061E61C198008DD77A /* LGHYListView.m in Sources */ = {isa = PBXBuildFile; fileRef = 3D0FF7041E61C198008DD77A /* LGHYListView.m */; };
		3D0FF7091E61C204008DD77A /* LGHYMessage.m in Sources */ = {isa = PBXBuildFile; fileRef = 3D0FF7081E61C204008DD77A /* LGHYMessage.m */; };
		3D0FF7141E61C3B8008DD77A /* LGHYFifth.m in Sources */ = {isa = PBXBuildFile; fileRef = 3D0FF70B1E61C3B8008DD77A /* LGHYFifth.m */; };
		3D0FF7151E61C3B8008DD77A /* LGHYForth.m in Sources */ = {isa = PBXBuildFile; fileRef = 3D0FF70D1E61C3B8008DD77A /* LGHYForth.m */; };
		3D0FF7161E61C3B8008DD77A /* LGHYHeader.m in Sources */ = {isa = PBXBuildFile; fileRef = 3D0FF70F1E61C3B8008DD77A /* LGHYHeader.m */; };
		3D0FF7171E61C3B8008DD77A /* LGHYSecond.m in Sources */ = {isa = PBXBuildFile; fileRef = 3D0FF7111E61C3B8008DD77A /* LGHYSecond.m */; };
		3D0FF7181E61C3B8008DD77A /* LGHYThird.m in Sources */ = {isa = PBXBuildFile; fileRef = 3D0FF7131E61C3B8008DD77A /* LGHYThird.m */; };
		3D0FF7241E61C3D4008DD77A /* LGHYFifthCell.m in Sources */ = {isa = PBXBuildFile; fileRef = 3D0FF71B1E61C3D4008DD77A /* LGHYFifthCell.m */; };
		3D0FF7251E61C3D4008DD77A /* LGHYForthCell.m in Sources */ = {isa = PBXBuildFile; fileRef = 3D0FF71D1E61C3D4008DD77A /* LGHYForthCell.m */; };
		3D0FF7261E61C3D4008DD77A /* LGHYMessageCell.m in Sources */ = {isa = PBXBuildFile; fileRef = 3D0FF71F1E61C3D4008DD77A /* LGHYMessageCell.m */; };
		3D0FF7271E61C3D4008DD77A /* LGHYSecondCell.m in Sources */ = {isa = PBXBuildFile; fileRef = 3D0FF7211E61C3D4008DD77A /* LGHYSecondCell.m */; };
		3D0FF7281E61C3D4008DD77A /* LGHYThirdCell.m in Sources */ = {isa = PBXBuildFile; fileRef = 3D0FF7231E61C3D4008DD77A /* LGHYThirdCell.m */; };
		3D0FF72A1E61C3E1008DD77A /* Industry.m in Sources */ = {isa = PBXBuildFile; fileRef = 3D0FF7291E61C3E1008DD77A /* Industry.m */; };
		3D0FF72D1E61C3FA008DD77A /* WeChat.m in Sources */ = {isa = PBXBuildFile; fileRef = 3D0FF72C1E61C3FA008DD77A /* WeChat.m */; };
		3D0FF72F1E61C40D008DD77A /* weixin.plist in Resources */ = {isa = PBXBuildFile; fileRef = 3D0FF72E1E61C40D008DD77A /* weixin.plist */; };
		3D0FF7311E61C416008DD77A /* industry.plist in Resources */ = {isa = PBXBuildFile; fileRef = 3D0FF7301E61C416008DD77A /* industry.plist */; };
		3D0FF7331E61C41D008DD77A /* beep.wav in Resources */ = {isa = PBXBuildFile; fileRef = 3D0FF7321E61C41D008DD77A /* beep.wav */; };
		3D0FF7361E61C4FB008DD77A /* LGHYCompileViewController.m in Sources */ = {isa = PBXBuildFile; fileRef = 3D0FF7351E61C4FB008DD77A /* LGHYCompileViewController.m */; };
		3D0FF7391E61C56D008DD77A /* LGHYMessagesViewController.m in Sources */ = {isa = PBXBuildFile; fileRef = 3D0FF7381E61C56D008DD77A /* LGHYMessagesViewController.m */; };
		3D0FF73E1E61C5A4008DD77A /* LGHYCarsViewController.m in Sources */ = {isa = PBXBuildFile; fileRef = 3D0FF73B1E61C5A4008DD77A /* LGHYCarsViewController.m */; };
		3D0FF73F1E61C5A4008DD77A /* LGHYQianDaoViewController.m in Sources */ = {isa = PBXBuildFile; fileRef = 3D0FF73D1E61C5A4008DD77A /* LGHYQianDaoViewController.m */; };
		3D0FF7421E61C5D5008DD77A /* LGHYPersonalInformationController.m in Sources */ = {isa = PBXBuildFile; fileRef = 3D0FF7411E61C5D5008DD77A /* LGHYPersonalInformationController.m */; };
		3D0FF74E1E61C78F008DD77A /* LGHYPersonalInformaticaView.m in Sources */ = {isa = PBXBuildFile; fileRef = 3D0FF74D1E61C78F008DD77A /* LGHYPersonalInformaticaView.m */; };
		3D0FF7511E61C892008DD77A /* LGHYButton.m in Sources */ = {isa = PBXBuildFile; fileRef = 3D0FF7501E61C892008DD77A /* LGHYButton.m */; };
		3D0FF7541E61CB2C008DD77A /* LGHYScrollViewController.m in Sources */ = {isa = PBXBuildFile; fileRef = 3D0FF7531E61CB2C008DD77A /* LGHYScrollViewController.m */; };
		3D19C9B11E657D9700DD4CDD /* UITextField+LGHYHDMobileNumber.m in Sources */ = {isa = PBXBuildFile; fileRef = 3D19C9B01E657D9700DD4CDD /* UITextField+LGHYHDMobileNumber.m */; };
		3D19C9B41E658D4A00DD4CDD /* LGHYHDScrollView.m in Sources */ = {isa = PBXBuildFile; fileRef = 3D19C9B31E658D4A00DD4CDD /* LGHYHDScrollView.m */; };
		3D31C7F21E5E6846005E97BF /* main.m in Sources */ = {isa = PBXBuildFile; fileRef = 3D31C7F11E5E6846005E97BF /* main.m */; };
		3D31C7FD1E5E6848005E97BF /* Assets.xcassets in Resources */ = {isa = PBXBuildFile; fileRef = 3D31C7FC1E5E6848005E97BF /* Assets.xcassets */; };
		3D31C8001E5E6848005E97BF /* LaunchScreen.storyboard in Resources */ = {isa = PBXBuildFile; fileRef = 3D31C7FE1E5E6848005E97BF /* LaunchScreen.storyboard */; };
		3D31C80B1E5E6849005E97BF /* ____Tests.m in Sources */ = {isa = PBXBuildFile; fileRef = 3D31C80A1E5E6849005E97BF /* ____Tests.m */; };
		3D31C8161E5E6849005E97BF /* ____UITests.m in Sources */ = {isa = PBXBuildFile; fileRef = 3D31C8151E5E6849005E97BF /* ____UITests.m */; };
		3D48CCB11E627018005E9FB8 /* ZFBaseSettingViewController.m in Sources */ = {isa = PBXBuildFile; fileRef = 3D48CCA81E627018005E9FB8 /* ZFBaseSettingViewController.m */; };
		3D48CCB21E627018005E9FB8 /* ZFSettingGroup.m in Sources */ = {isa = PBXBuildFile; fileRef = 3D48CCAB1E627018005E9FB8 /* ZFSettingGroup.m */; };
		3D48CCB31E627018005E9FB8 /* ZFSettingItem.m in Sources */ = {isa = PBXBuildFile; fileRef = 3D48CCAD1E627018005E9FB8 /* ZFSettingItem.m */; };
		3D48CCB41E627018005E9FB8 /* ZFSettingCell.m in Sources */ = {isa = PBXBuildFile; fileRef = 3D48CCB01E627018005E9FB8 /* ZFSettingCell.m */; };
		3D48CCB91E62703A005E9FB8 /* ZFSettingViewController.m in Sources */ = {isa = PBXBuildFile; fileRef = 3D48CCB51E62703A005E9FB8 /* ZFSettingViewController.m */; };
		3D48CCBA1E62703A005E9FB8 /* ZFPushNoticeViewController.m in Sources */ = {isa = PBXBuildFile; fileRef = 3D48CCB71E62703A005E9FB8 /* ZFPushNoticeViewController.m */; };
		3D98E73B1E5E77E300F2CDF9 /* AppDelegate.m in Sources */ = {isa = PBXBuildFile; fileRef = 3D98E7351E5E77E300F2CDF9 /* AppDelegate.m */; };
		3D98E7421E5E790A00F2CDF9 /* LGHYHDFirstViewController.m in Sources */ = {isa = PBXBuildFile; fileRef = 3D98E7411E5E790A00F2CDF9 /* LGHYHDFirstViewController.m */; };
		3D98E7491E5E7EE300F2CDF9 /* LGHYHDButton.m in Sources */ = {isa = PBXBuildFile; fileRef = 3D98E7481E5E7EE300F2CDF9 /* LGHYHDButton.m */; };
		3D98E74C1E5E8AA900F2CDF9 /* LGHYHDFirstView.m in Sources */ = {isa = PBXBuildFile; fileRef = 3D98E74B1E5E8AA900F2CDF9 /* LGHYHDFirstView.m */; };
		3D98E74F1E5E8B5A00F2CDF9 /* LGHYHDFirstViewModel.m in Sources */ = {isa = PBXBuildFile; fileRef = 3D98E74E1E5E8B5A00F2CDF9 /* LGHYHDFirstViewModel.m */; };
		3D98E7511E5E8CD000F2CDF9 /* FirstViewList.plist in Resources */ = {isa = PBXBuildFile; fileRef = 3D98E7501E5E8CD000F2CDF9 /* FirstViewList.plist */; };
		3D98E7541E5EB59D00F2CDF9 /* LGHYHDLoginViewController.m in Sources */ = {isa = PBXBuildFile; fileRef = 3D98E7531E5EB59D00F2CDF9 /* LGHYHDLoginViewController.m */; };
		3D98E7571E5EB69200F2CDF9 /* LGHYHDNavigationViewController.m in Sources */ = {isa = PBXBuildFile; fileRef = 3D98E7561E5EB69200F2CDF9 /* LGHYHDNavigationViewController.m */; };
		3D98E75A1E5EB90200F2CDF9 /* LGHYHDRegisterViewController.m in Sources */ = {isa = PBXBuildFile; fileRef = 3D98E7591E5EB90200F2CDF9 /* LGHYHDRegisterViewController.m */; };
		3D98E75D1E5EBAE100F2CDF9 /* LGHYHDVisitorsViewController.m in Sources */ = {isa = PBXBuildFile; fileRef = 3D98E75C1E5EBAE100F2CDF9 /* LGHYHDVisitorsViewController.m */; };
		3D98E7601E5EBE4100F2CDF9 /* LGHYHDLoginView.m in Sources */ = {isa = PBXBuildFile; fileRef = 3D98E75F1E5EBE4100F2CDF9 /* LGHYHDLoginView.m */; };
		3D98E7631E5EC09D00F2CDF9 /* LGHYHDTextField.m in Sources */ = {isa = PBXBuildFile; fileRef = 3D98E7621E5EC09D00F2CDF9 /* LGHYHDTextField.m */; };
		3D98E77B1E5ED91C00F2CDF9 /* LGHYHDForgetPasswordViewController.m in Sources */ = {isa = PBXBuildFile; fileRef = 3D98E77A1E5ED91C00F2CDF9 /* LGHYHDForgetPasswordViewController.m */; };
		3D98E7811E5EF89F00F2CDF9 /* LGHYHDRegisterView.m in Sources */ = {isa = PBXBuildFile; fileRef = 3D98E7801E5EF89F00F2CDF9 /* LGHYHDRegisterView.m */; };
		3D98E7841E5F106500F2CDF9 /* LGHYHDRealNameViewController.m in Sources */ = {isa = PBXBuildFile; fileRef = 3D98E7831E5F106500F2CDF9 /* LGHYHDRealNameViewController.m */; };
		3D98E7871E5F16F700F2CDF9 /* LGHYHDRealNameView.m in Sources */ = {isa = PBXBuildFile; fileRef = 3D98E7861E5F16F700F2CDF9 /* LGHYHDRealNameView.m */; };
		3D98E78A1E5F18E200F2CDF9 /* LGHYHDForgetPasswordView.m in Sources */ = {isa = PBXBuildFile; fileRef = 3D98E7891E5F18E200F2CDF9 /* LGHYHDForgetPasswordView.m */; };
		3DCF3E291E63B312008B8900 /* LGHYHDRegisterModel.m in Sources */ = {isa = PBXBuildFile; fileRef = 3DCF3E281E63B312008B8900 /* LGHYHDRegisterModel.m */; };
		3DE28EDF1E6061DB00E3C8AF /* LGHYHDIdentifyingCodeViewController.m in Sources */ = {isa = PBXBuildFile; fileRef = 3DE28EDE1E6061DB00E3C8AF /* LGHYHDIdentifyingCodeViewController.m */; };
		3DF41B0D1E6051AE009B3099 /* AVAudioPlayer+PCM.m in Sources */ = {isa = PBXBuildFile; fileRef = 3DF41AFF1E6051AE009B3099 /* AVAudioPlayer+PCM.m */; };
		3DF41B0E1E6051AE009B3099 /* MCAudioInputQueue.m in Sources */ = {isa = PBXBuildFile; fileRef = 3DF41B011E6051AE009B3099 /* MCAudioInputQueue.m */; };
		3DF41B0F1E6051AE009B3099 /* UIView+MJAlertView.m in Sources */ = {isa = PBXBuildFile; fileRef = 3DF41B041E6051AE009B3099 /* UIView+MJAlertView.m */; };
		3DF41B101E6051AE009B3099 /* QRCameraSwitchButton.m in Sources */ = {isa = PBXBuildFile; fileRef = 3DF41B071E6051AE009B3099 /* QRCameraSwitchButton.m */; };
		3DF41B111E6051AE009B3099 /* QRCodeReaderView.m in Sources */ = {isa = PBXBuildFile; fileRef = 3DF41B0A1E6051AE009B3099 /* QRCodeReaderView.m */; };
		3DF41B121E6051AE009B3099 /* QRCodeReaderViewController.m in Sources */ = {isa = PBXBuildFile; fileRef = 3DF41B0C1E6051AE009B3099 /* QRCodeReaderViewController.m */; };
		6689919D67B772FA3D1FA741 /* libPods-龙广会员.a in Frameworks */ = {isa = PBXBuildFile; fileRef = 0A4AD8A06C5EC385D8378B45 /* libPods-龙广会员.a */; };
/* End PBXBuildFile section */

/* Begin PBXContainerItemProxy section */
		3D31C8071E5E6849005E97BF /* PBXContainerItemProxy */ = {
			isa = PBXContainerItemProxy;
			containerPortal = 3D31C7E51E5E6845005E97BF /* Project object */;
			proxyType = 1;
			remoteGlobalIDString = 3D31C7EC1E5E6845005E97BF;
			remoteInfo = "龙广会员";
		};
		3D31C8121E5E6849005E97BF /* PBXContainerItemProxy */ = {
			isa = PBXContainerItemProxy;
			containerPortal = 3D31C7E51E5E6845005E97BF /* Project object */;
			proxyType = 1;
			remoteGlobalIDString = 3D31C7EC1E5E6845005E97BF;
			remoteInfo = "龙广会员";
		};
/* End PBXContainerItemProxy section */

/* Begin PBXFileReference section */
		0128DB683ABB9DD8BEFF8138 /* Pods-龙广会员.release.xcconfig */ = {isa = PBXFileReference; includeInIndex = 1; lastKnownFileType = text.xcconfig; name = "Pods-龙广会员.release.xcconfig"; path = "Pods/Target Support Files/Pods-龙广会员/Pods-龙广会员.release.xcconfig"; sourceTree = "<group>"; };
		0A4AD8A06C5EC385D8378B45 /* libPods-龙广会员.a */ = {isa = PBXFileReference; explicitFileType = archive.ar; includeInIndex = 0; path = "libPods-龙广会员.a"; sourceTree = BUILT_PRODUCTS_DIR; };
		17B0E7770FE7BCCECD312052 /* Pods-龙广会员.debug.xcconfig */ = {isa = PBXFileReference; includeInIndex = 1; lastKnownFileType = text.xcconfig; name = "Pods-龙广会员.debug.xcconfig"; path = "Pods/Target Support Files/Pods-龙广会员/Pods-龙广会员.debug.xcconfig"; sourceTree = "<group>"; };
		3D0FF69F1E61275A008DD77A /* LGHYHDMainViewController.h */ = {isa = PBXFileReference; fileEncoding = 4; lastKnownFileType = sourcecode.c.h; path = LGHYHDMainViewController.h; sourceTree = "<group>"; };
		3D0FF6A01E61275A008DD77A /* LGHYHDMainViewController.m */ = {isa = PBXFileReference; fileEncoding = 4; lastKnownFileType = sourcecode.c.objc; path = LGHYHDMainViewController.m; sourceTree = "<group>"; };
		3D0FF6A21E614EE1008DD77A /* LGHYHDRealNameTableView.h */ = {isa = PBXFileReference; fileEncoding = 4; lastKnownFileType = sourcecode.c.h; path = LGHYHDRealNameTableView.h; sourceTree = "<group>"; };
		3D0FF6A31E614EE1008DD77A /* LGHYHDRealNameTableView.m */ = {isa = PBXFileReference; fileEncoding = 4; lastKnownFileType = sourcecode.c.objc; path = LGHYHDRealNameTableView.m; sourceTree = "<group>"; };
		3D0FF6A51E6159F9008DD77A /* LGHYHDRealName.h */ = {isa = PBXFileReference; fileEncoding = 4; lastKnownFileType = sourcecode.c.h; path = LGHYHDRealName.h; sourceTree = "<group>"; };
		3D0FF6A61E6159F9008DD77A /* LGHYHDRealName.m */ = {isa = PBXFileReference; fileEncoding = 4; lastKnownFileType = sourcecode.c.objc; path = LGHYHDRealName.m; sourceTree = "<group>"; };
		3D0FF6A81E615AC2008DD77A /* RealNameList.plist */ = {isa = PBXFileReference; fileEncoding = 4; lastKnownFileType = text.plist.xml; path = RealNameList.plist; sourceTree = "<group>"; };
		3D0FF6AA1E616805008DD77A /* LGHYHDNameOfRealViewController.h */ = {isa = PBXFileReference; fileEncoding = 4; lastKnownFileType = sourcecode.c.h; path = LGHYHDNameOfRealViewController.h; sourceTree = "<group>"; };
		3D0FF6AB1E616805008DD77A /* LGHYHDNameOfRealViewController.m */ = {isa = PBXFileReference; fileEncoding = 4; lastKnownFileType = sourcecode.c.objc; path = LGHYHDNameOfRealViewController.m; sourceTree = "<group>"; };
		3D0FF6AD1E616829008DD77A /* LGHYHDNumberOfRealViewController.h */ = {isa = PBXFileReference; fileEncoding = 4; lastKnownFileType = sourcecode.c.h; path = LGHYHDNumberOfRealViewController.h; sourceTree = "<group>"; };
		3D0FF6AE1E616829008DD77A /* LGHYHDNumberOfRealViewController.m */ = {isa = PBXFileReference; fileEncoding = 4; lastKnownFileType = sourcecode.c.objc; path = LGHYHDNumberOfRealViewController.m; sourceTree = "<group>"; };
		3D0FF6B01E616837008DD77A /* LGHYHDCountryOfRealViewController.h */ = {isa = PBXFileReference; fileEncoding = 4; lastKnownFileType = sourcecode.c.h; path = LGHYHDCountryOfRealViewController.h; sourceTree = "<group>"; };
		3D0FF6B11E616837008DD77A /* LGHYHDCountryOfRealViewController.m */ = {isa = PBXFileReference; fileEncoding = 4; lastKnownFileType = sourcecode.c.objc; path = LGHYHDCountryOfRealViewController.m; sourceTree = "<group>"; };
		3D0FF6B31E61683F008DD77A /* LGHYHDSexOfRealViewController.h */ = {isa = PBXFileReference; fileEncoding = 4; lastKnownFileType = sourcecode.c.h; path = LGHYHDSexOfRealViewController.h; sourceTree = "<group>"; };
		3D0FF6B41E61683F008DD77A /* LGHYHDSexOfRealViewController.m */ = {isa = PBXFileReference; fileEncoding = 4; lastKnownFileType = sourcecode.c.objc; path = LGHYHDSexOfRealViewController.m; sourceTree = "<group>"; };
		3D0FF6B61E616855008DD77A /* LGHYHDUploadImageViewController.h */ = {isa = PBXFileReference; fileEncoding = 4; lastKnownFileType = sourcecode.c.h; path = LGHYHDUploadImageViewController.h; sourceTree = "<group>"; };
		3D0FF6B71E616855008DD77A /* LGHYHDUploadImageViewController.m */ = {isa = PBXFileReference; fileEncoding = 4; lastKnownFileType = sourcecode.c.objc; path = LGHYHDUploadImageViewController.m; sourceTree = "<group>"; };
		3D0FF6B91E618848008DD77A /* LGHYHDUpLoadingImage.h */ = {isa = PBXFileReference; fileEncoding = 4; lastKnownFileType = sourcecode.c.h; path = LGHYHDUpLoadingImage.h; sourceTree = "<group>"; };
		3D0FF6BA1E618848008DD77A /* LGHYHDUpLoadingImage.m */ = {isa = PBXFileReference; fileEncoding = 4; lastKnownFileType = sourcecode.c.objc; path = LGHYHDUpLoadingImage.m; sourceTree = "<group>"; };
		3D0FF6FB1E61B8A8008DD77A /* LGHYHDMainView.h */ = {isa = PBXFileReference; fileEncoding = 4; lastKnownFileType = sourcecode.c.h; path = LGHYHDMainView.h; sourceTree = "<group>"; };
		3D0FF6FC1E61B8A8008DD77A /* LGHYHDMainView.m */ = {isa = PBXFileReference; fileEncoding = 4; lastKnownFileType = sourcecode.c.objc; path = LGHYHDMainView.m; sourceTree = "<group>"; };
		3D0FF6FE1E61BED6008DD77A /* LGHYHeaderCell.h */ = {isa = PBXFileReference; fileEncoding = 4; lastKnownFileType = sourcecode.c.h; name = LGHYHeaderCell.h; path = ../Model/LGHYHeaderCell.h; sourceTree = "<group>"; };
		3D0FF6FF1E61BED6008DD77A /* LGHYHeaderCell.m */ = {isa = PBXFileReference; fileEncoding = 4; lastKnownFileType = sourcecode.c.objc; name = LGHYHeaderCell.m; path = ../Model/LGHYHeaderCell.m; sourceTree = "<group>"; };
		3D0FF7011E61C198008DD77A /* LGHYBackView.h */ = {isa = PBXFileReference; fileEncoding = 4; lastKnownFileType = sourcecode.c.h; path = LGHYBackView.h; sourceTree = "<group>"; };
		3D0FF7021E61C198008DD77A /* LGHYBackView.m */ = {isa = PBXFileReference; fileEncoding = 4; lastKnownFileType = sourcecode.c.objc; path = LGHYBackView.m; sourceTree = "<group>"; };
		3D0FF7031E61C198008DD77A /* LGHYListView.h */ = {isa = PBXFileReference; fileEncoding = 4; lastKnownFileType = sourcecode.c.h; path = LGHYListView.h; sourceTree = "<group>"; };
		3D0FF7041E61C198008DD77A /* LGHYListView.m */ = {isa = PBXFileReference; fileEncoding = 4; lastKnownFileType = sourcecode.c.objc; path = LGHYListView.m; sourceTree = "<group>"; };
		3D0FF7071E61C204008DD77A /* LGHYMessage.h */ = {isa = PBXFileReference; fileEncoding = 4; lastKnownFileType = sourcecode.c.h; path = LGHYMessage.h; sourceTree = "<group>"; };
		3D0FF7081E61C204008DD77A /* LGHYMessage.m */ = {isa = PBXFileReference; fileEncoding = 4; lastKnownFileType = sourcecode.c.objc; path = LGHYMessage.m; sourceTree = "<group>"; };
		3D0FF70A1E61C3B8008DD77A /* LGHYFifth.h */ = {isa = PBXFileReference; fileEncoding = 4; lastKnownFileType = sourcecode.c.h; path = LGHYFifth.h; sourceTree = "<group>"; };
		3D0FF70B1E61C3B8008DD77A /* LGHYFifth.m */ = {isa = PBXFileReference; fileEncoding = 4; lastKnownFileType = sourcecode.c.objc; path = LGHYFifth.m; sourceTree = "<group>"; };
		3D0FF70C1E61C3B8008DD77A /* LGHYForth.h */ = {isa = PBXFileReference; fileEncoding = 4; lastKnownFileType = sourcecode.c.h; path = LGHYForth.h; sourceTree = "<group>"; };
		3D0FF70D1E61C3B8008DD77A /* LGHYForth.m */ = {isa = PBXFileReference; fileEncoding = 4; lastKnownFileType = sourcecode.c.objc; path = LGHYForth.m; sourceTree = "<group>"; };
		3D0FF70E1E61C3B8008DD77A /* LGHYHeader.h */ = {isa = PBXFileReference; fileEncoding = 4; lastKnownFileType = sourcecode.c.h; path = LGHYHeader.h; sourceTree = "<group>"; };
		3D0FF70F1E61C3B8008DD77A /* LGHYHeader.m */ = {isa = PBXFileReference; fileEncoding = 4; lastKnownFileType = sourcecode.c.objc; path = LGHYHeader.m; sourceTree = "<group>"; };
		3D0FF7101E61C3B8008DD77A /* LGHYSecond.h */ = {isa = PBXFileReference; fileEncoding = 4; lastKnownFileType = sourcecode.c.h; path = LGHYSecond.h; sourceTree = "<group>"; };
		3D0FF7111E61C3B8008DD77A /* LGHYSecond.m */ = {isa = PBXFileReference; fileEncoding = 4; lastKnownFileType = sourcecode.c.objc; path = LGHYSecond.m; sourceTree = "<group>"; };
		3D0FF7121E61C3B8008DD77A /* LGHYThird.h */ = {isa = PBXFileReference; fileEncoding = 4; lastKnownFileType = sourcecode.c.h; path = LGHYThird.h; sourceTree = "<group>"; };
		3D0FF7131E61C3B8008DD77A /* LGHYThird.m */ = {isa = PBXFileReference; fileEncoding = 4; lastKnownFileType = sourcecode.c.objc; path = LGHYThird.m; sourceTree = "<group>"; };
		3D0FF7191E61C3D4008DD77A /* Industry.h */ = {isa = PBXFileReference; fileEncoding = 4; lastKnownFileType = sourcecode.c.h; path = Industry.h; sourceTree = "<group>"; };
		3D0FF71A1E61C3D4008DD77A /* LGHYFifthCell.h */ = {isa = PBXFileReference; fileEncoding = 4; lastKnownFileType = sourcecode.c.h; path = LGHYFifthCell.h; sourceTree = "<group>"; };
		3D0FF71B1E61C3D4008DD77A /* LGHYFifthCell.m */ = {isa = PBXFileReference; fileEncoding = 4; lastKnownFileType = sourcecode.c.objc; path = LGHYFifthCell.m; sourceTree = "<group>"; };
		3D0FF71C1E61C3D4008DD77A /* LGHYForthCell.h */ = {isa = PBXFileReference; fileEncoding = 4; lastKnownFileType = sourcecode.c.h; path = LGHYForthCell.h; sourceTree = "<group>"; };
		3D0FF71D1E61C3D4008DD77A /* LGHYForthCell.m */ = {isa = PBXFileReference; fileEncoding = 4; lastKnownFileType = sourcecode.c.objc; path = LGHYForthCell.m; sourceTree = "<group>"; };
		3D0FF71E1E61C3D4008DD77A /* LGHYMessageCell.h */ = {isa = PBXFileReference; fileEncoding = 4; lastKnownFileType = sourcecode.c.h; path = LGHYMessageCell.h; sourceTree = "<group>"; };
		3D0FF71F1E61C3D4008DD77A /* LGHYMessageCell.m */ = {isa = PBXFileReference; fileEncoding = 4; lastKnownFileType = sourcecode.c.objc; path = LGHYMessageCell.m; sourceTree = "<group>"; };
		3D0FF7201E61C3D4008DD77A /* LGHYSecondCell.h */ = {isa = PBXFileReference; fileEncoding = 4; lastKnownFileType = sourcecode.c.h; path = LGHYSecondCell.h; sourceTree = "<group>"; };
		3D0FF7211E61C3D4008DD77A /* LGHYSecondCell.m */ = {isa = PBXFileReference; fileEncoding = 4; lastKnownFileType = sourcecode.c.objc; path = LGHYSecondCell.m; sourceTree = "<group>"; };
		3D0FF7221E61C3D4008DD77A /* LGHYThirdCell.h */ = {isa = PBXFileReference; fileEncoding = 4; lastKnownFileType = sourcecode.c.h; path = LGHYThirdCell.h; sourceTree = "<group>"; };
		3D0FF7231E61C3D4008DD77A /* LGHYThirdCell.m */ = {isa = PBXFileReference; fileEncoding = 4; lastKnownFileType = sourcecode.c.objc; path = LGHYThirdCell.m; sourceTree = "<group>"; };
		3D0FF7291E61C3E1008DD77A /* Industry.m */ = {isa = PBXFileReference; fileEncoding = 4; lastKnownFileType = sourcecode.c.objc; path = Industry.m; sourceTree = "<group>"; };
		3D0FF72B1E61C3FA008DD77A /* WeChat.h */ = {isa = PBXFileReference; fileEncoding = 4; lastKnownFileType = sourcecode.c.h; path = WeChat.h; sourceTree = "<group>"; };
		3D0FF72C1E61C3FA008DD77A /* WeChat.m */ = {isa = PBXFileReference; fileEncoding = 4; lastKnownFileType = sourcecode.c.objc; path = WeChat.m; sourceTree = "<group>"; };
		3D0FF72E1E61C40D008DD77A /* weixin.plist */ = {isa = PBXFileReference; fileEncoding = 4; lastKnownFileType = text.plist.xml; path = weixin.plist; sourceTree = "<group>"; };
		3D0FF7301E61C416008DD77A /* industry.plist */ = {isa = PBXFileReference; fileEncoding = 4; lastKnownFileType = text.plist.xml; path = industry.plist; sourceTree = "<group>"; };
		3D0FF7321E61C41D008DD77A /* beep.wav */ = {isa = PBXFileReference; lastKnownFileType = audio.wav; path = beep.wav; sourceTree = "<group>"; };
		3D0FF7341E61C4FB008DD77A /* LGHYCompileViewController.h */ = {isa = PBXFileReference; fileEncoding = 4; lastKnownFileType = sourcecode.c.h; path = LGHYCompileViewController.h; sourceTree = "<group>"; };
		3D0FF7351E61C4FB008DD77A /* LGHYCompileViewController.m */ = {isa = PBXFileReference; fileEncoding = 4; lastKnownFileType = sourcecode.c.objc; path = LGHYCompileViewController.m; sourceTree = "<group>"; };
		3D0FF7371E61C56D008DD77A /* LGHYMessagesViewController.h */ = {isa = PBXFileReference; fileEncoding = 4; lastKnownFileType = sourcecode.c.h; path = LGHYMessagesViewController.h; sourceTree = "<group>"; };
		3D0FF7381E61C56D008DD77A /* LGHYMessagesViewController.m */ = {isa = PBXFileReference; fileEncoding = 4; lastKnownFileType = sourcecode.c.objc; path = LGHYMessagesViewController.m; sourceTree = "<group>"; };
		3D0FF73A1E61C5A4008DD77A /* LGHYCarsViewController.h */ = {isa = PBXFileReference; fileEncoding = 4; lastKnownFileType = sourcecode.c.h; path = LGHYCarsViewController.h; sourceTree = "<group>"; };
		3D0FF73B1E61C5A4008DD77A /* LGHYCarsViewController.m */ = {isa = PBXFileReference; fileEncoding = 4; lastKnownFileType = sourcecode.c.objc; path = LGHYCarsViewController.m; sourceTree = "<group>"; };
		3D0FF73C1E61C5A4008DD77A /* LGHYQianDaoViewController.h */ = {isa = PBXFileReference; fileEncoding = 4; lastKnownFileType = sourcecode.c.h; path = LGHYQianDaoViewController.h; sourceTree = "<group>"; };
		3D0FF73D1E61C5A4008DD77A /* LGHYQianDaoViewController.m */ = {isa = PBXFileReference; fileEncoding = 4; lastKnownFileType = sourcecode.c.objc; path = LGHYQianDaoViewController.m; sourceTree = "<group>"; };
		3D0FF7401E61C5D5008DD77A /* LGHYPersonalInformationController.h */ = {isa = PBXFileReference; fileEncoding = 4; lastKnownFileType = sourcecode.c.h; path = LGHYPersonalInformationController.h; sourceTree = "<group>"; };
		3D0FF7411E61C5D5008DD77A /* LGHYPersonalInformationController.m */ = {isa = PBXFileReference; fileEncoding = 4; lastKnownFileType = sourcecode.c.objc; path = LGHYPersonalInformationController.m; sourceTree = "<group>"; };
		3D0FF74C1E61C78F008DD77A /* LGHYPersonalInformaticaView.h */ = {isa = PBXFileReference; fileEncoding = 4; lastKnownFileType = sourcecode.c.h; path = LGHYPersonalInformaticaView.h; sourceTree = "<group>"; };
		3D0FF74D1E61C78F008DD77A /* LGHYPersonalInformaticaView.m */ = {isa = PBXFileReference; fileEncoding = 4; lastKnownFileType = sourcecode.c.objc; path = LGHYPersonalInformaticaView.m; sourceTree = "<group>"; };
		3D0FF74F1E61C892008DD77A /* LGHYButton.h */ = {isa = PBXFileReference; fileEncoding = 4; lastKnownFileType = sourcecode.c.h; path = LGHYButton.h; sourceTree = "<group>"; };
		3D0FF7501E61C892008DD77A /* LGHYButton.m */ = {isa = PBXFileReference; fileEncoding = 4; lastKnownFileType = sourcecode.c.objc; path = LGHYButton.m; sourceTree = "<group>"; };
		3D0FF7521E61CB2C008DD77A /* LGHYScrollViewController.h */ = {isa = PBXFileReference; fileEncoding = 4; lastKnownFileType = sourcecode.c.h; path = LGHYScrollViewController.h; sourceTree = "<group>"; };
		3D0FF7531E61CB2C008DD77A /* LGHYScrollViewController.m */ = {isa = PBXFileReference; fileEncoding = 4; lastKnownFileType = sourcecode.c.objc; path = LGHYScrollViewController.m; sourceTree = "<group>"; };
		3D19C9AF1E657D9700DD4CDD /* UITextField+LGHYHDMobileNumber.h */ = {isa = PBXFileReference; fileEncoding = 4; lastKnownFileType = sourcecode.c.h; path = "UITextField+LGHYHDMobileNumber.h"; sourceTree = "<group>"; };
		3D19C9B01E657D9700DD4CDD /* UITextField+LGHYHDMobileNumber.m */ = {isa = PBXFileReference; fileEncoding = 4; lastKnownFileType = sourcecode.c.objc; path = "UITextField+LGHYHDMobileNumber.m"; sourceTree = "<group>"; };
		3D19C9B21E658D4A00DD4CDD /* LGHYHDScrollView.h */ = {isa = PBXFileReference; fileEncoding = 4; lastKnownFileType = sourcecode.c.h; path = LGHYHDScrollView.h; sourceTree = "<group>"; };
		3D19C9B31E658D4A00DD4CDD /* LGHYHDScrollView.m */ = {isa = PBXFileReference; fileEncoding = 4; lastKnownFileType = sourcecode.c.objc; path = LGHYHDScrollView.m; sourceTree = "<group>"; };
		3D31C7ED1E5E6845005E97BF /* 龙广会员.app */ = {isa = PBXFileReference; explicitFileType = wrapper.application; includeInIndex = 0; path = "龙广会员.app"; sourceTree = BUILT_PRODUCTS_DIR; };
		3D31C7F11E5E6846005E97BF /* main.m */ = {isa = PBXFileReference; lastKnownFileType = sourcecode.c.objc; path = main.m; sourceTree = "<group>"; };
		3D31C7FC1E5E6848005E97BF /* Assets.xcassets */ = {isa = PBXFileReference; lastKnownFileType = folder.assetcatalog; path = Assets.xcassets; sourceTree = "<group>"; };
		3D31C7FF1E5E6848005E97BF /* Base */ = {isa = PBXFileReference; lastKnownFileType = file.storyboard; name = Base; path = Base.lproj/LaunchScreen.storyboard; sourceTree = "<group>"; };
		3D31C8011E5E6849005E97BF /* Info.plist */ = {isa = PBXFileReference; lastKnownFileType = text.plist.xml; path = Info.plist; sourceTree = "<group>"; };
		3D31C8061E5E6849005E97BF /* 龙广会员Tests.xctest */ = {isa = PBXFileReference; explicitFileType = wrapper.cfbundle; includeInIndex = 0; path = "龙广会员Tests.xctest"; sourceTree = BUILT_PRODUCTS_DIR; };
		3D31C80A1E5E6849005E97BF /* ____Tests.m */ = {isa = PBXFileReference; lastKnownFileType = sourcecode.c.objc; path = "____Tests.m"; sourceTree = "<group>"; };
		3D31C80C1E5E6849005E97BF /* Info.plist */ = {isa = PBXFileReference; lastKnownFileType = text.plist.xml; path = Info.plist; sourceTree = "<group>"; };
		3D31C8111E5E6849005E97BF /* 龙广会员UITests.xctest */ = {isa = PBXFileReference; explicitFileType = wrapper.cfbundle; includeInIndex = 0; path = "龙广会员UITests.xctest"; sourceTree = BUILT_PRODUCTS_DIR; };
		3D31C8151E5E6849005E97BF /* ____UITests.m */ = {isa = PBXFileReference; lastKnownFileType = sourcecode.c.objc; path = "____UITests.m"; sourceTree = "<group>"; };
		3D31C8171E5E6849005E97BF /* Info.plist */ = {isa = PBXFileReference; lastKnownFileType = text.plist.xml; path = Info.plist; sourceTree = "<group>"; };
		3D48CCA71E627018005E9FB8 /* ZFBaseSettingViewController.h */ = {isa = PBXFileReference; fileEncoding = 4; lastKnownFileType = sourcecode.c.h; path = ZFBaseSettingViewController.h; sourceTree = "<group>"; };
		3D48CCA81E627018005E9FB8 /* ZFBaseSettingViewController.m */ = {isa = PBXFileReference; fileEncoding = 4; lastKnownFileType = sourcecode.c.objc; path = ZFBaseSettingViewController.m; sourceTree = "<group>"; };
		3D48CCAA1E627018005E9FB8 /* ZFSettingGroup.h */ = {isa = PBXFileReference; fileEncoding = 4; lastKnownFileType = sourcecode.c.h; path = ZFSettingGroup.h; sourceTree = "<group>"; };
		3D48CCAB1E627018005E9FB8 /* ZFSettingGroup.m */ = {isa = PBXFileReference; fileEncoding = 4; lastKnownFileType = sourcecode.c.objc; path = ZFSettingGroup.m; sourceTree = "<group>"; };
		3D48CCAC1E627018005E9FB8 /* ZFSettingItem.h */ = {isa = PBXFileReference; fileEncoding = 4; lastKnownFileType = sourcecode.c.h; path = ZFSettingItem.h; sourceTree = "<group>"; };
		3D48CCAD1E627018005E9FB8 /* ZFSettingItem.m */ = {isa = PBXFileReference; fileEncoding = 4; lastKnownFileType = sourcecode.c.objc; path = ZFSettingItem.m; sourceTree = "<group>"; };
		3D48CCAF1E627018005E9FB8 /* ZFSettingCell.h */ = {isa = PBXFileReference; fileEncoding = 4; lastKnownFileType = sourcecode.c.h; path = ZFSettingCell.h; sourceTree = "<group>"; };
		3D48CCB01E627018005E9FB8 /* ZFSettingCell.m */ = {isa = PBXFileReference; fileEncoding = 4; lastKnownFileType = sourcecode.c.objc; path = ZFSettingCell.m; sourceTree = "<group>"; };
		3D48CCB51E62703A005E9FB8 /* ZFSettingViewController.m */ = {isa = PBXFileReference; fileEncoding = 4; lastKnownFileType = sourcecode.c.objc; path = ZFSettingViewController.m; sourceTree = "<group>"; };
		3D48CCB61E62703A005E9FB8 /* ZFPushNoticeViewController.h */ = {isa = PBXFileReference; fileEncoding = 4; lastKnownFileType = sourcecode.c.h; path = ZFPushNoticeViewController.h; sourceTree = "<group>"; };
		3D48CCB71E62703A005E9FB8 /* ZFPushNoticeViewController.m */ = {isa = PBXFileReference; fileEncoding = 4; lastKnownFileType = sourcecode.c.objc; path = ZFPushNoticeViewController.m; sourceTree = "<group>"; };
		3D48CCB81E62703A005E9FB8 /* ZFSettingViewController.h */ = {isa = PBXFileReference; fileEncoding = 4; lastKnownFileType = sourcecode.c.h; path = ZFSettingViewController.h; sourceTree = "<group>"; };
		3D98E7341E5E77E300F2CDF9 /* AppDelegate.h */ = {isa = PBXFileReference; fileEncoding = 4; lastKnownFileType = sourcecode.c.h; path = AppDelegate.h; sourceTree = "<group>"; };
		3D98E7351E5E77E300F2CDF9 /* AppDelegate.m */ = {isa = PBXFileReference; fileEncoding = 4; lastKnownFileType = sourcecode.c.objc; path = AppDelegate.m; sourceTree = "<group>"; };
		3D98E7401E5E790A00F2CDF9 /* LGHYHDFirstViewController.h */ = {isa = PBXFileReference; fileEncoding = 4; lastKnownFileType = sourcecode.c.h; path = LGHYHDFirstViewController.h; sourceTree = "<group>"; };
		3D98E7411E5E790A00F2CDF9 /* LGHYHDFirstViewController.m */ = {isa = PBXFileReference; fileEncoding = 4; lastKnownFileType = sourcecode.c.objc; path = LGHYHDFirstViewController.m; sourceTree = "<group>"; };
		3D98E7431E5E7B2100F2CDF9 /* PrefixHeader.pch */ = {isa = PBXFileReference; lastKnownFileType = sourcecode.c.h; path = PrefixHeader.pch; sourceTree = "<group>"; };
		3D98E7471E5E7EE300F2CDF9 /* LGHYHDButton.h */ = {isa = PBXFileReference; fileEncoding = 4; lastKnownFileType = sourcecode.c.h; path = LGHYHDButton.h; sourceTree = "<group>"; };
		3D98E7481E5E7EE300F2CDF9 /* LGHYHDButton.m */ = {isa = PBXFileReference; fileEncoding = 4; lastKnownFileType = sourcecode.c.objc; path = LGHYHDButton.m; sourceTree = "<group>"; };
		3D98E74A1E5E8AA900F2CDF9 /* LGHYHDFirstView.h */ = {isa = PBXFileReference; fileEncoding = 4; lastKnownFileType = sourcecode.c.h; path = LGHYHDFirstView.h; sourceTree = "<group>"; };
		3D98E74B1E5E8AA900F2CDF9 /* LGHYHDFirstView.m */ = {isa = PBXFileReference; fileEncoding = 4; lastKnownFileType = sourcecode.c.objc; path = LGHYHDFirstView.m; sourceTree = "<group>"; };
		3D98E74D1E5E8B5A00F2CDF9 /* LGHYHDFirstViewModel.h */ = {isa = PBXFileReference; fileEncoding = 4; lastKnownFileType = sourcecode.c.h; path = LGHYHDFirstViewModel.h; sourceTree = "<group>"; };
		3D98E74E1E5E8B5A00F2CDF9 /* LGHYHDFirstViewModel.m */ = {isa = PBXFileReference; fileEncoding = 4; lastKnownFileType = sourcecode.c.objc; path = LGHYHDFirstViewModel.m; sourceTree = "<group>"; };
		3D98E7501E5E8CD000F2CDF9 /* FirstViewList.plist */ = {isa = PBXFileReference; fileEncoding = 4; lastKnownFileType = text.plist.xml; path = FirstViewList.plist; sourceTree = "<group>"; };
		3D98E7521E5EB59D00F2CDF9 /* LGHYHDLoginViewController.h */ = {isa = PBXFileReference; fileEncoding = 4; lastKnownFileType = sourcecode.c.h; path = LGHYHDLoginViewController.h; sourceTree = "<group>"; };
		3D98E7531E5EB59D00F2CDF9 /* LGHYHDLoginViewController.m */ = {isa = PBXFileReference; fileEncoding = 4; lastKnownFileType = sourcecode.c.objc; path = LGHYHDLoginViewController.m; sourceTree = "<group>"; };
		3D98E7551E5EB69200F2CDF9 /* LGHYHDNavigationViewController.h */ = {isa = PBXFileReference; fileEncoding = 4; lastKnownFileType = sourcecode.c.h; path = LGHYHDNavigationViewController.h; sourceTree = "<group>"; };
		3D98E7561E5EB69200F2CDF9 /* LGHYHDNavigationViewController.m */ = {isa = PBXFileReference; fileEncoding = 4; lastKnownFileType = sourcecode.c.objc; path = LGHYHDNavigationViewController.m; sourceTree = "<group>"; };
		3D98E7581E5EB90200F2CDF9 /* LGHYHDRegisterViewController.h */ = {isa = PBXFileReference; fileEncoding = 4; lastKnownFileType = sourcecode.c.h; path = LGHYHDRegisterViewController.h; sourceTree = "<group>"; };
		3D98E7591E5EB90200F2CDF9 /* LGHYHDRegisterViewController.m */ = {isa = PBXFileReference; fileEncoding = 4; lastKnownFileType = sourcecode.c.objc; path = LGHYHDRegisterViewController.m; sourceTree = "<group>"; };
		3D98E75B1E5EBAE100F2CDF9 /* LGHYHDVisitorsViewController.h */ = {isa = PBXFileReference; fileEncoding = 4; lastKnownFileType = sourcecode.c.h; path = LGHYHDVisitorsViewController.h; sourceTree = "<group>"; };
		3D98E75C1E5EBAE100F2CDF9 /* LGHYHDVisitorsViewController.m */ = {isa = PBXFileReference; fileEncoding = 4; lastKnownFileType = sourcecode.c.objc; path = LGHYHDVisitorsViewController.m; sourceTree = "<group>"; };
		3D98E75E1E5EBE4100F2CDF9 /* LGHYHDLoginView.h */ = {isa = PBXFileReference; fileEncoding = 4; lastKnownFileType = sourcecode.c.h; path = LGHYHDLoginView.h; sourceTree = "<group>"; };
		3D98E75F1E5EBE4100F2CDF9 /* LGHYHDLoginView.m */ = {isa = PBXFileReference; fileEncoding = 4; lastKnownFileType = sourcecode.c.objc; path = LGHYHDLoginView.m; sourceTree = "<group>"; };
		3D98E7611E5EC09D00F2CDF9 /* LGHYHDTextField.h */ = {isa = PBXFileReference; fileEncoding = 4; lastKnownFileType = sourcecode.c.h; name = LGHYHDTextField.h; path = ../FirstView/Login/View/LGHYHDTextField.h; sourceTree = "<group>"; };
		3D98E7621E5EC09D00F2CDF9 /* LGHYHDTextField.m */ = {isa = PBXFileReference; fileEncoding = 4; lastKnownFileType = sourcecode.c.objc; name = LGHYHDTextField.m; path = ../FirstView/Login/View/LGHYHDTextField.m; sourceTree = "<group>"; };
		3D98E7791E5ED91C00F2CDF9 /* LGHYHDForgetPasswordViewController.h */ = {isa = PBXFileReference; fileEncoding = 4; lastKnownFileType = sourcecode.c.h; path = LGHYHDForgetPasswordViewController.h; sourceTree = "<group>"; };
		3D98E77A1E5ED91C00F2CDF9 /* LGHYHDForgetPasswordViewController.m */ = {isa = PBXFileReference; fileEncoding = 4; lastKnownFileType = sourcecode.c.objc; path = LGHYHDForgetPasswordViewController.m; sourceTree = "<group>"; };
		3D98E77F1E5EF89F00F2CDF9 /* LGHYHDRegisterView.h */ = {isa = PBXFileReference; fileEncoding = 4; lastKnownFileType = sourcecode.c.h; path = LGHYHDRegisterView.h; sourceTree = "<group>"; };
		3D98E7801E5EF89F00F2CDF9 /* LGHYHDRegisterView.m */ = {isa = PBXFileReference; fileEncoding = 4; lastKnownFileType = sourcecode.c.objc; path = LGHYHDRegisterView.m; sourceTree = "<group>"; };
		3D98E7821E5F106500F2CDF9 /* LGHYHDRealNameViewController.h */ = {isa = PBXFileReference; fileEncoding = 4; lastKnownFileType = sourcecode.c.h; path = LGHYHDRealNameViewController.h; sourceTree = "<group>"; };
		3D98E7831E5F106500F2CDF9 /* LGHYHDRealNameViewController.m */ = {isa = PBXFileReference; fileEncoding = 4; lastKnownFileType = sourcecode.c.objc; path = LGHYHDRealNameViewController.m; sourceTree = "<group>"; };
		3D98E7851E5F16F700F2CDF9 /* LGHYHDRealNameView.h */ = {isa = PBXFileReference; fileEncoding = 4; lastKnownFileType = sourcecode.c.h; path = LGHYHDRealNameView.h; sourceTree = "<group>"; };
		3D98E7861E5F16F700F2CDF9 /* LGHYHDRealNameView.m */ = {isa = PBXFileReference; fileEncoding = 4; lastKnownFileType = sourcecode.c.objc; path = LGHYHDRealNameView.m; sourceTree = "<group>"; };
		3D98E7881E5F18E200F2CDF9 /* LGHYHDForgetPasswordView.h */ = {isa = PBXFileReference; fileEncoding = 4; lastKnownFileType = sourcecode.c.h; path = LGHYHDForgetPasswordView.h; sourceTree = "<group>"; };
		3D98E7891E5F18E200F2CDF9 /* LGHYHDForgetPasswordView.m */ = {isa = PBXFileReference; fileEncoding = 4; lastKnownFileType = sourcecode.c.objc; path = LGHYHDForgetPasswordView.m; sourceTree = "<group>"; };
		3DCF3E271E63B312008B8900 /* LGHYHDRegisterModel.h */ = {isa = PBXFileReference; fileEncoding = 4; lastKnownFileType = sourcecode.c.h; path = LGHYHDRegisterModel.h; sourceTree = "<group>"; };
		3DCF3E281E63B312008B8900 /* LGHYHDRegisterModel.m */ = {isa = PBXFileReference; fileEncoding = 4; lastKnownFileType = sourcecode.c.objc; path = LGHYHDRegisterModel.m; sourceTree = "<group>"; };
		3DE28EDD1E6061DB00E3C8AF /* LGHYHDIdentifyingCodeViewController.h */ = {isa = PBXFileReference; fileEncoding = 4; lastKnownFileType = sourcecode.c.h; path = LGHYHDIdentifyingCodeViewController.h; sourceTree = "<group>"; };
		3DE28EDE1E6061DB00E3C8AF /* LGHYHDIdentifyingCodeViewController.m */ = {isa = PBXFileReference; fileEncoding = 4; lastKnownFileType = sourcecode.c.objc; path = LGHYHDIdentifyingCodeViewController.m; sourceTree = "<group>"; };
		3DF41AFE1E6051AE009B3099 /* AVAudioPlayer+PCM.h */ = {isa = PBXFileReference; fileEncoding = 4; lastKnownFileType = sourcecode.c.h; path = "AVAudioPlayer+PCM.h"; sourceTree = "<group>"; };
		3DF41AFF1E6051AE009B3099 /* AVAudioPlayer+PCM.m */ = {isa = PBXFileReference; fileEncoding = 4; lastKnownFileType = sourcecode.c.objc; path = "AVAudioPlayer+PCM.m"; sourceTree = "<group>"; };
		3DF41B001E6051AE009B3099 /* MCAudioInputQueue.h */ = {isa = PBXFileReference; fileEncoding = 4; lastKnownFileType = sourcecode.c.h; path = MCAudioInputQueue.h; sourceTree = "<group>"; };
		3DF41B011E6051AE009B3099 /* MCAudioInputQueue.m */ = {isa = PBXFileReference; fileEncoding = 4; lastKnownFileType = sourcecode.c.objc; path = MCAudioInputQueue.m; sourceTree = "<group>"; };
		3DF41B031E6051AE009B3099 /* UIView+MJAlertView.h */ = {isa = PBXFileReference; fileEncoding = 4; lastKnownFileType = sourcecode.c.h; path = "UIView+MJAlertView.h"; sourceTree = "<group>"; };
		3DF41B041E6051AE009B3099 /* UIView+MJAlertView.m */ = {isa = PBXFileReference; fileEncoding = 4; lastKnownFileType = sourcecode.c.objc; path = "UIView+MJAlertView.m"; sourceTree = "<group>"; };
		3DF41B061E6051AE009B3099 /* QRCameraSwitchButton.h */ = {isa = PBXFileReference; fileEncoding = 4; lastKnownFileType = sourcecode.c.h; path = QRCameraSwitchButton.h; sourceTree = "<group>"; };
		3DF41B071E6051AE009B3099 /* QRCameraSwitchButton.m */ = {isa = PBXFileReference; fileEncoding = 4; lastKnownFileType = sourcecode.c.objc; path = QRCameraSwitchButton.m; sourceTree = "<group>"; };
		3DF41B081E6051AE009B3099 /* QRCodeReaderDelegate.h */ = {isa = PBXFileReference; fileEncoding = 4; lastKnownFileType = sourcecode.c.h; path = QRCodeReaderDelegate.h; sourceTree = "<group>"; };
		3DF41B091E6051AE009B3099 /* QRCodeReaderView.h */ = {isa = PBXFileReference; fileEncoding = 4; lastKnownFileType = sourcecode.c.h; path = QRCodeReaderView.h; sourceTree = "<group>"; };
		3DF41B0A1E6051AE009B3099 /* QRCodeReaderView.m */ = {isa = PBXFileReference; fileEncoding = 4; lastKnownFileType = sourcecode.c.objc; path = QRCodeReaderView.m; sourceTree = "<group>"; };
		3DF41B0B1E6051AE009B3099 /* QRCodeReaderViewController.h */ = {isa = PBXFileReference; fileEncoding = 4; lastKnownFileType = sourcecode.c.h; path = QRCodeReaderViewController.h; sourceTree = "<group>"; };
		3DF41B0C1E6051AE009B3099 /* QRCodeReaderViewController.m */ = {isa = PBXFileReference; fileEncoding = 4; lastKnownFileType = sourcecode.c.objc; path = QRCodeReaderViewController.m; sourceTree = "<group>"; };
/* End PBXFileReference section */

/* Begin PBXFrameworksBuildPhase section */
		3D31C7EA1E5E6845005E97BF /* Frameworks */ = {
			isa = PBXFrameworksBuildPhase;
			buildActionMask = 2147483647;
			files = (
				6689919D67B772FA3D1FA741 /* libPods-龙广会员.a in Frameworks */,
			);
			runOnlyForDeploymentPostprocessing = 0;
		};
		3D31C8031E5E6849005E97BF /* Frameworks */ = {
			isa = PBXFrameworksBuildPhase;
			buildActionMask = 2147483647;
			files = (
			);
			runOnlyForDeploymentPostprocessing = 0;
		};
		3D31C80E1E5E6849005E97BF /* Frameworks */ = {
			isa = PBXFrameworksBuildPhase;
			buildActionMask = 2147483647;
			files = (
			);
			runOnlyForDeploymentPostprocessing = 0;
		};
/* End PBXFrameworksBuildPhase section */

/* Begin PBXGroup section */
		24DE386A33F37D45F2C0DAD3 /* Frameworks */ = {
			isa = PBXGroup;
			children = (
				0A4AD8A06C5EC385D8378B45 /* libPods-龙广会员.a */,
			);
			name = Frameworks;
			sourceTree = "<group>";
		};
		3D31C7E41E5E6845005E97BF = {
			isa = PBXGroup;
			children = (
				3D31C7EF1E5E6846005E97BF /* 龙广会员 */,
				3D31C8091E5E6849005E97BF /* 龙广会员Tests */,
				3D31C8141E5E6849005E97BF /* 龙广会员UITests */,
				3D31C7EE1E5E6845005E97BF /* Products */,
				EC27CF8CAFCF7949F629426D /* Pods */,
				24DE386A33F37D45F2C0DAD3 /* Frameworks */,
			);
			sourceTree = "<group>";
		};
		3D31C7EE1E5E6845005E97BF /* Products */ = {
			isa = PBXGroup;
			children = (
				3D31C7ED1E5E6845005E97BF /* 龙广会员.app */,
				3D31C8061E5E6849005E97BF /* 龙广会员Tests.xctest */,
				3D31C8111E5E6849005E97BF /* 龙广会员UITests.xctest */,
			);
			name = Products;
			sourceTree = "<group>";
		};
		3D31C7EF1E5E6846005E97BF /* 龙广会员 */ = {
			isa = PBXGroup;
			children = (
				3DF41AFD1E6051AE009B3099 /* 三方 */,
				3D98E7141E5E77E300F2CDF9 /* FirstView */,
				3D98E7291E5E77E300F2CDF9 /* Menu */,
				3D98E7241E5E77E300F2CDF9 /* MainView */,
				3D98E72E1E5E77E300F2CDF9 /* Message */,
				3D98E7361E5E77E300F2CDF9 /* SignIn */,
				3D98E7331E5E77E300F2CDF9 /* Other */,
				3D31C7F01E5E6846005E97BF /* Supporting Files */,
			);
			path = "龙广会员";
			sourceTree = "<group>";
		};
		3D31C7F01E5E6846005E97BF /* Supporting Files */ = {
			isa = PBXGroup;
			children = (
				3D0FF7321E61C41D008DD77A /* beep.wav */,
				3D0FF7301E61C416008DD77A /* industry.plist */,
				3D0FF72E1E61C40D008DD77A /* weixin.plist */,
				3D31C7FC1E5E6848005E97BF /* Assets.xcassets */,
				3D31C7FE1E5E6848005E97BF /* LaunchScreen.storyboard */,
				3D31C8011E5E6849005E97BF /* Info.plist */,
				3D31C7F11E5E6846005E97BF /* main.m */,
				3D98E7501E5E8CD000F2CDF9 /* FirstViewList.plist */,
				3D0FF6A81E615AC2008DD77A /* RealNameList.plist */,
			);
			name = "Supporting Files";
			sourceTree = "<group>";
		};
		3D31C8091E5E6849005E97BF /* 龙广会员Tests */ = {
			isa = PBXGroup;
			children = (
				3D31C80A1E5E6849005E97BF /* ____Tests.m */,
				3D31C80C1E5E6849005E97BF /* Info.plist */,
			);
			path = "龙广会员Tests";
			sourceTree = "<group>";
		};
		3D31C8141E5E6849005E97BF /* 龙广会员UITests */ = {
			isa = PBXGroup;
			children = (
				3D31C8151E5E6849005E97BF /* ____UITests.m */,
				3D31C8171E5E6849005E97BF /* Info.plist */,
			);
			path = "龙广会员UITests";
			sourceTree = "<group>";
		};
		3D48CCA51E627018005E9FB8 /* ZFSetting */ = {
			isa = PBXGroup;
			children = (
				3D48CCA61E627018005E9FB8 /* Controller */,
				3D48CCA91E627018005E9FB8 /* Model */,
				3D48CCAE1E627018005E9FB8 /* View */,
			);
			path = ZFSetting;
			sourceTree = "<group>";
		};
		3D48CCA61E627018005E9FB8 /* Controller */ = {
			isa = PBXGroup;
			children = (
				3D48CCA71E627018005E9FB8 /* ZFBaseSettingViewController.h */,
				3D48CCA81E627018005E9FB8 /* ZFBaseSettingViewController.m */,
			);
			path = Controller;
			sourceTree = "<group>";
		};
		3D48CCA91E627018005E9FB8 /* Model */ = {
			isa = PBXGroup;
			children = (
				3D48CCAA1E627018005E9FB8 /* ZFSettingGroup.h */,
				3D48CCAB1E627018005E9FB8 /* ZFSettingGroup.m */,
				3D48CCAC1E627018005E9FB8 /* ZFSettingItem.h */,
				3D48CCAD1E627018005E9FB8 /* ZFSettingItem.m */,
			);
			path = Model;
			sourceTree = "<group>";
		};
		3D48CCAE1E627018005E9FB8 /* View */ = {
			isa = PBXGroup;
			children = (
				3D48CCAF1E627018005E9FB8 /* ZFSettingCell.h */,
				3D48CCB01E627018005E9FB8 /* ZFSettingCell.m */,
			);
			path = View;
			sourceTree = "<group>";
		};
		3D98E7141E5E77E300F2CDF9 /* FirstView */ = {
			isa = PBXGroup;
			children = (
				3D98E73D1E5E786500F2CDF9 /* Model */,
				3D98E73F1E5E786500F2CDF9 /* View */,
				3D98E73C1E5E786500F2CDF9 /* Controller */,
				3D98E73E1E5E786500F2CDF9 /* Other */,
				3D98E7151E5E77E300F2CDF9 /* Login */,
				3D98E71A1E5E77E300F2CDF9 /* Register */,
				3D98E71F1E5E77E300F2CDF9 /* Visitors */,
			);
			path = FirstView;
			sourceTree = "<group>";
		};
		3D98E7151E5E77E300F2CDF9 /* Login */ = {
			isa = PBXGroup;
			children = (
				3D98E7171E5E77E300F2CDF9 /* Model */,
				3D98E7191E5E77E300F2CDF9 /* View */,
				3D98E7161E5E77E300F2CDF9 /* Controller */,
				3D98E7181E5E77E300F2CDF9 /* Other */,
			);
			path = Login;
			sourceTree = "<group>";
		};
		3D98E7161E5E77E300F2CDF9 /* Controller */ = {
			isa = PBXGroup;
			children = (
				3D98E7521E5EB59D00F2CDF9 /* LGHYHDLoginViewController.h */,
				3D98E7531E5EB59D00F2CDF9 /* LGHYHDLoginViewController.m */,
				3D98E7791E5ED91C00F2CDF9 /* LGHYHDForgetPasswordViewController.h */,
				3D98E77A1E5ED91C00F2CDF9 /* LGHYHDForgetPasswordViewController.m */,
				3DE28EDD1E6061DB00E3C8AF /* LGHYHDIdentifyingCodeViewController.h */,
				3DE28EDE1E6061DB00E3C8AF /* LGHYHDIdentifyingCodeViewController.m */,
			);
			path = Controller;
			sourceTree = "<group>";
		};
		3D98E7171E5E77E300F2CDF9 /* Model */ = {
			isa = PBXGroup;
			children = (
			);
			path = Model;
			sourceTree = "<group>";
		};
		3D98E7181E5E77E300F2CDF9 /* Other */ = {
			isa = PBXGroup;
			children = (
			);
			path = Other;
			sourceTree = "<group>";
		};
		3D98E7191E5E77E300F2CDF9 /* View */ = {
			isa = PBXGroup;
			children = (
				3D98E75E1E5EBE4100F2CDF9 /* LGHYHDLoginView.h */,
				3D98E75F1E5EBE4100F2CDF9 /* LGHYHDLoginView.m */,
				3D98E7881E5F18E200F2CDF9 /* LGHYHDForgetPasswordView.h */,
				3D98E7891E5F18E200F2CDF9 /* LGHYHDForgetPasswordView.m */,
			);
			path = View;
			sourceTree = "<group>";
		};
		3D98E71A1E5E77E300F2CDF9 /* Register */ = {
			isa = PBXGroup;
			children = (
				3D98E71C1E5E77E300F2CDF9 /* Model */,
				3D98E71E1E5E77E300F2CDF9 /* View */,
				3D98E71B1E5E77E300F2CDF9 /* Controller */,
				3D98E71D1E5E77E300F2CDF9 /* Other */,
			);
			path = Register;
			sourceTree = "<group>";
		};
		3D98E71B1E5E77E300F2CDF9 /* Controller */ = {
			isa = PBXGroup;
			children = (
				3D98E7581E5EB90200F2CDF9 /* LGHYHDRegisterViewController.h */,
				3D98E7591E5EB90200F2CDF9 /* LGHYHDRegisterViewController.m */,
				3D98E7821E5F106500F2CDF9 /* LGHYHDRealNameViewController.h */,
				3D98E7831E5F106500F2CDF9 /* LGHYHDRealNameViewController.m */,
				3D0FF6AA1E616805008DD77A /* LGHYHDNameOfRealViewController.h */,
				3D0FF6AB1E616805008DD77A /* LGHYHDNameOfRealViewController.m */,
				3D0FF6AD1E616829008DD77A /* LGHYHDNumberOfRealViewController.h */,
				3D0FF6AE1E616829008DD77A /* LGHYHDNumberOfRealViewController.m */,
				3D0FF6B01E616837008DD77A /* LGHYHDCountryOfRealViewController.h */,
				3D0FF6B11E616837008DD77A /* LGHYHDCountryOfRealViewController.m */,
				3D0FF6B31E61683F008DD77A /* LGHYHDSexOfRealViewController.h */,
				3D0FF6B41E61683F008DD77A /* LGHYHDSexOfRealViewController.m */,
				3D0FF6B61E616855008DD77A /* LGHYHDUploadImageViewController.h */,
				3D0FF6B71E616855008DD77A /* LGHYHDUploadImageViewController.m */,
			);
			path = Controller;
			sourceTree = "<group>";
		};
		3D98E71C1E5E77E300F2CDF9 /* Model */ = {
			isa = PBXGroup;
			children = (
				3D0FF6A51E6159F9008DD77A /* LGHYHDRealName.h */,
				3D0FF6A61E6159F9008DD77A /* LGHYHDRealName.m */,
				3DCF3E271E63B312008B8900 /* LGHYHDRegisterModel.h */,
				3DCF3E281E63B312008B8900 /* LGHYHDRegisterModel.m */,
			);
			path = Model;
			sourceTree = "<group>";
		};
		3D98E71D1E5E77E300F2CDF9 /* Other */ = {
			isa = PBXGroup;
			children = (
				3D0FF6B91E618848008DD77A /* LGHYHDUpLoadingImage.h */,
				3D0FF6BA1E618848008DD77A /* LGHYHDUpLoadingImage.m */,
			);
			path = Other;
			sourceTree = "<group>";
		};
		3D98E71E1E5E77E300F2CDF9 /* View */ = {
			isa = PBXGroup;
			children = (
				3D98E77F1E5EF89F00F2CDF9 /* LGHYHDRegisterView.h */,
				3D98E7801E5EF89F00F2CDF9 /* LGHYHDRegisterView.m */,
				3D98E7851E5F16F700F2CDF9 /* LGHYHDRealNameView.h */,
				3D98E7861E5F16F700F2CDF9 /* LGHYHDRealNameView.m */,
				3D0FF6A21E614EE1008DD77A /* LGHYHDRealNameTableView.h */,
				3D0FF6A31E614EE1008DD77A /* LGHYHDRealNameTableView.m */,
			);
			path = View;
			sourceTree = "<group>";
		};
		3D98E71F1E5E77E300F2CDF9 /* Visitors */ = {
			isa = PBXGroup;
			children = (
				3D98E7211E5E77E300F2CDF9 /* Model */,
				3D98E7231E5E77E300F2CDF9 /* View */,
				3D98E7201E5E77E300F2CDF9 /* Controller */,
				3D98E7221E5E77E300F2CDF9 /* Other */,
			);
			path = Visitors;
			sourceTree = "<group>";
		};
		3D98E7201E5E77E300F2CDF9 /* Controller */ = {
			isa = PBXGroup;
			children = (
				3D98E75B1E5EBAE100F2CDF9 /* LGHYHDVisitorsViewController.h */,
				3D98E75C1E5EBAE100F2CDF9 /* LGHYHDVisitorsViewController.m */,
			);
			path = Controller;
			sourceTree = "<group>";
		};
		3D98E7211E5E77E300F2CDF9 /* Model */ = {
			isa = PBXGroup;
			children = (
			);
			path = Model;
			sourceTree = "<group>";
		};
		3D98E7221E5E77E300F2CDF9 /* Other */ = {
			isa = PBXGroup;
			children = (
			);
			path = Other;
			sourceTree = "<group>";
		};
		3D98E7231E5E77E300F2CDF9 /* View */ = {
			isa = PBXGroup;
			children = (
			);
			path = View;
			sourceTree = "<group>";
		};
		3D98E7241E5E77E300F2CDF9 /* MainView */ = {
			isa = PBXGroup;
			children = (
				3D98E7261E5E77E300F2CDF9 /* Model */,
				3D98E7281E5E77E300F2CDF9 /* View */,
				3D98E7251E5E77E300F2CDF9 /* Controller */,
				3D98E7271E5E77E300F2CDF9 /* Other */,
			);
			path = MainView;
			sourceTree = "<group>";
		};
		3D98E7251E5E77E300F2CDF9 /* Controller */ = {
			isa = PBXGroup;
			children = (
				3D0FF7521E61CB2C008DD77A /* LGHYScrollViewController.h */,
				3D0FF7531E61CB2C008DD77A /* LGHYScrollViewController.m */,
				3D0FF7401E61C5D5008DD77A /* LGHYPersonalInformationController.h */,
				3D0FF7411E61C5D5008DD77A /* LGHYPersonalInformationController.m */,
				3D0FF73A1E61C5A4008DD77A /* LGHYCarsViewController.h */,
				3D0FF73B1E61C5A4008DD77A /* LGHYCarsViewController.m */,
				3D0FF73C1E61C5A4008DD77A /* LGHYQianDaoViewController.h */,
				3D0FF73D1E61C5A4008DD77A /* LGHYQianDaoViewController.m */,
				3D0FF7371E61C56D008DD77A /* LGHYMessagesViewController.h */,
				3D0FF7381E61C56D008DD77A /* LGHYMessagesViewController.m */,
				3D0FF7341E61C4FB008DD77A /* LGHYCompileViewController.h */,
				3D0FF7351E61C4FB008DD77A /* LGHYCompileViewController.m */,
				3D0FF69F1E61275A008DD77A /* LGHYHDMainViewController.h */,
				3D0FF6A01E61275A008DD77A /* LGHYHDMainViewController.m */,
			);
			path = Controller;
			sourceTree = "<group>";
		};
		3D98E7261E5E77E300F2CDF9 /* Model */ = {
			isa = PBXGroup;
			children = (
				3D0FF72B1E61C3FA008DD77A /* WeChat.h */,
				3D0FF72C1E61C3FA008DD77A /* WeChat.m */,
				3D0FF70A1E61C3B8008DD77A /* LGHYFifth.h */,
				3D0FF70B1E61C3B8008DD77A /* LGHYFifth.m */,
				3D0FF70C1E61C3B8008DD77A /* LGHYForth.h */,
				3D0FF70D1E61C3B8008DD77A /* LGHYForth.m */,
				3D0FF70E1E61C3B8008DD77A /* LGHYHeader.h */,
				3D0FF70F1E61C3B8008DD77A /* LGHYHeader.m */,
				3D0FF7101E61C3B8008DD77A /* LGHYSecond.h */,
				3D0FF7111E61C3B8008DD77A /* LGHYSecond.m */,
				3D0FF7121E61C3B8008DD77A /* LGHYThird.h */,
				3D0FF7131E61C3B8008DD77A /* LGHYThird.m */,
				3D0FF7071E61C204008DD77A /* LGHYMessage.h */,
				3D0FF7081E61C204008DD77A /* LGHYMessage.m */,
			);
			path = Model;
			sourceTree = "<group>";
		};
		3D98E7271E5E77E300F2CDF9 /* Other */ = {
			isa = PBXGroup;
			children = (
			);
			path = Other;
			sourceTree = "<group>";
		};
		3D98E7281E5E77E300F2CDF9 /* View */ = {
			isa = PBXGroup;
			children = (
				3D0FF6FE1E61BED6008DD77A /* LGHYHeaderCell.h */,
				3D0FF6FF1E61BED6008DD77A /* LGHYHeaderCell.m */,
				3D0FF74C1E61C78F008DD77A /* LGHYPersonalInformaticaView.h */,
				3D0FF74D1E61C78F008DD77A /* LGHYPersonalInformaticaView.m */,
				3D0FF7191E61C3D4008DD77A /* Industry.h */,
				3D0FF7291E61C3E1008DD77A /* Industry.m */,
				3D0FF71A1E61C3D4008DD77A /* LGHYFifthCell.h */,
				3D0FF71B1E61C3D4008DD77A /* LGHYFifthCell.m */,
				3D0FF71C1E61C3D4008DD77A /* LGHYForthCell.h */,
				3D0FF71D1E61C3D4008DD77A /* LGHYForthCell.m */,
				3D0FF71E1E61C3D4008DD77A /* LGHYMessageCell.h */,
				3D0FF71F1E61C3D4008DD77A /* LGHYMessageCell.m */,
				3D0FF7201E61C3D4008DD77A /* LGHYSecondCell.h */,
				3D0FF7211E61C3D4008DD77A /* LGHYSecondCell.m */,
				3D0FF7221E61C3D4008DD77A /* LGHYThirdCell.h */,
				3D0FF7231E61C3D4008DD77A /* LGHYThirdCell.m */,
				3D0FF6FB1E61B8A8008DD77A /* LGHYHDMainView.h */,
				3D0FF6FC1E61B8A8008DD77A /* LGHYHDMainView.m */,
				3D19C9B21E658D4A00DD4CDD /* LGHYHDScrollView.h */,
				3D19C9B31E658D4A00DD4CDD /* LGHYHDScrollView.m */,
			);
			path = View;
			sourceTree = "<group>";
		};
		3D98E7291E5E77E300F2CDF9 /* Menu */ = {
			isa = PBXGroup;
			children = (
				3D98E72B1E5E77E300F2CDF9 /* Model */,
				3D98E72D1E5E77E300F2CDF9 /* View */,
				3D98E72A1E5E77E300F2CDF9 /* Controller */,
				3D98E72C1E5E77E300F2CDF9 /* Other */,
			);
			path = Menu;
			sourceTree = "<group>";
		};
		3D98E72A1E5E77E300F2CDF9 /* Controller */ = {
			isa = PBXGroup;
			children = (
				3D48CCB81E62703A005E9FB8 /* ZFSettingViewController.h */,
				3D48CCB51E62703A005E9FB8 /* ZFSettingViewController.m */,
				3D48CCB61E62703A005E9FB8 /* ZFPushNoticeViewController.h */,
				3D48CCB71E62703A005E9FB8 /* ZFPushNoticeViewController.m */,
			);
			path = Controller;
			sourceTree = "<group>";
		};
		3D98E72B1E5E77E300F2CDF9 /* Model */ = {
			isa = PBXGroup;
			children = (
			);
			path = Model;
			sourceTree = "<group>";
		};
		3D98E72C1E5E77E300F2CDF9 /* Other */ = {
			isa = PBXGroup;
			children = (
			);
			path = Other;
			sourceTree = "<group>";
		};
		3D98E72D1E5E77E300F2CDF9 /* View */ = {
			isa = PBXGroup;
			children = (
				3D0FF7011E61C198008DD77A /* LGHYBackView.h */,
				3D0FF7021E61C198008DD77A /* LGHYBackView.m */,
				3D0FF7031E61C198008DD77A /* LGHYListView.h */,
				3D0FF7041E61C198008DD77A /* LGHYListView.m */,
			);
			path = View;
			sourceTree = "<group>";
		};
		3D98E72E1E5E77E300F2CDF9 /* Message */ = {
			isa = PBXGroup;
			children = (
				3D98E7301E5E77E300F2CDF9 /* Model */,
				3D98E7321E5E77E300F2CDF9 /* View */,
				3D98E72F1E5E77E300F2CDF9 /* Controller */,
				3D98E7311E5E77E300F2CDF9 /* Other */,
			);
			path = Message;
			sourceTree = "<group>";
		};
		3D98E72F1E5E77E300F2CDF9 /* Controller */ = {
			isa = PBXGroup;
			children = (
			);
			path = Controller;
			sourceTree = "<group>";
		};
		3D98E7301E5E77E300F2CDF9 /* Model */ = {
			isa = PBXGroup;
			children = (
			);
			path = Model;
			sourceTree = "<group>";
		};
		3D98E7311E5E77E300F2CDF9 /* Other */ = {
			isa = PBXGroup;
			children = (
			);
			path = Other;
			sourceTree = "<group>";
		};
		3D98E7321E5E77E300F2CDF9 /* View */ = {
			isa = PBXGroup;
			children = (
			);
			path = View;
			sourceTree = "<group>";
		};
		3D98E7331E5E77E300F2CDF9 /* Other */ = {
			isa = PBXGroup;
			children = (
				3D0FF74F1E61C892008DD77A /* LGHYButton.h */,
				3D0FF7501E61C892008DD77A /* LGHYButton.m */,
				3D98E7611E5EC09D00F2CDF9 /* LGHYHDTextField.h */,
				3D98E7621E5EC09D00F2CDF9 /* LGHYHDTextField.m */,
				3D98E7431E5E7B2100F2CDF9 /* PrefixHeader.pch */,
				3D98E7341E5E77E300F2CDF9 /* AppDelegate.h */,
				3D98E7351E5E77E300F2CDF9 /* AppDelegate.m */,
				3D98E7471E5E7EE300F2CDF9 /* LGHYHDButton.h */,
				3D98E7481E5E7EE300F2CDF9 /* LGHYHDButton.m */,
				3D98E7551E5EB69200F2CDF9 /* LGHYHDNavigationViewController.h */,
				3D98E7561E5EB69200F2CDF9 /* LGHYHDNavigationViewController.m */,
				3D19C9AF1E657D9700DD4CDD /* UITextField+LGHYHDMobileNumber.h */,
				3D19C9B01E657D9700DD4CDD /* UITextField+LGHYHDMobileNumber.m */,
			);
			path = Other;
			sourceTree = "<group>";
		};
		3D98E7361E5E77E300F2CDF9 /* SignIn */ = {
			isa = PBXGroup;
			children = (
				3D98E7381E5E77E300F2CDF9 /* Model */,
				3D98E73A1E5E77E300F2CDF9 /* View */,
				3D98E7371E5E77E300F2CDF9 /* Controller */,
				3D98E7391E5E77E300F2CDF9 /* Other */,
			);
			path = SignIn;
			sourceTree = "<group>";
		};
		3D98E7371E5E77E300F2CDF9 /* Controller */ = {
			isa = PBXGroup;
			children = (
			);
			path = Controller;
			sourceTree = "<group>";
		};
		3D98E7381E5E77E300F2CDF9 /* Model */ = {
			isa = PBXGroup;
			children = (
			);
			path = Model;
			sourceTree = "<group>";
		};
		3D98E7391E5E77E300F2CDF9 /* Other */ = {
			isa = PBXGroup;
			children = (
			);
			path = Other;
			sourceTree = "<group>";
		};
		3D98E73A1E5E77E300F2CDF9 /* View */ = {
			isa = PBXGroup;
			children = (
			);
			path = View;
			sourceTree = "<group>";
		};
		3D98E73C1E5E786500F2CDF9 /* Controller */ = {
			isa = PBXGroup;
			children = (
				3D98E7401E5E790A00F2CDF9 /* LGHYHDFirstViewController.h */,
				3D98E7411E5E790A00F2CDF9 /* LGHYHDFirstViewController.m */,
			);
			path = Controller;
			sourceTree = "<group>";
		};
		3D98E73D1E5E786500F2CDF9 /* Model */ = {
			isa = PBXGroup;
			children = (
				3D98E74D1E5E8B5A00F2CDF9 /* LGHYHDFirstViewModel.h */,
				3D98E74E1E5E8B5A00F2CDF9 /* LGHYHDFirstViewModel.m */,
			);
			path = Model;
			sourceTree = "<group>";
		};
		3D98E73E1E5E786500F2CDF9 /* Other */ = {
			isa = PBXGroup;
			children = (
			);
			path = Other;
			sourceTree = "<group>";
		};
		3D98E73F1E5E786500F2CDF9 /* View */ = {
			isa = PBXGroup;
			children = (
				3D98E74A1E5E8AA900F2CDF9 /* LGHYHDFirstView.h */,
				3D98E74B1E5E8AA900F2CDF9 /* LGHYHDFirstView.m */,
			);
			path = View;
			sourceTree = "<group>";
		};
		3DF41AFD1E6051AE009B3099 /* 三方 */ = {
			isa = PBXGroup;
			children = (
				3D48CCA51E627018005E9FB8 /* ZFSetting */,
				3DF41AFE1E6051AE009B3099 /* AVAudioPlayer+PCM.h */,
				3DF41AFF1E6051AE009B3099 /* AVAudioPlayer+PCM.m */,
				3DF41B001E6051AE009B3099 /* MCAudioInputQueue.h */,
				3DF41B011E6051AE009B3099 /* MCAudioInputQueue.m */,
				3DF41B021E6051AE009B3099 /* MJAlertView */,
				3DF41B051E6051AE009B3099 /* QRCodeReaderViewController */,
			);
			path = "三方";
			sourceTree = "<group>";
		};
		3DF41B021E6051AE009B3099 /* MJAlertView */ = {
			isa = PBXGroup;
			children = (
				3DF41B031E6051AE009B3099 /* UIView+MJAlertView.h */,
				3DF41B041E6051AE009B3099 /* UIView+MJAlertView.m */,
			);
			path = MJAlertView;
			sourceTree = "<group>";
		};
		3DF41B051E6051AE009B3099 /* QRCodeReaderViewController */ = {
			isa = PBXGroup;
			children = (
				3DF41B061E6051AE009B3099 /* QRCameraSwitchButton.h */,
				3DF41B071E6051AE009B3099 /* QRCameraSwitchButton.m */,
				3DF41B081E6051AE009B3099 /* QRCodeReaderDelegate.h */,
				3DF41B091E6051AE009B3099 /* QRCodeReaderView.h */,
				3DF41B0A1E6051AE009B3099 /* QRCodeReaderView.m */,
				3DF41B0B1E6051AE009B3099 /* QRCodeReaderViewController.h */,
				3DF41B0C1E6051AE009B3099 /* QRCodeReaderViewController.m */,
			);
			path = QRCodeReaderViewController;
			sourceTree = "<group>";
		};
		EC27CF8CAFCF7949F629426D /* Pods */ = {
			isa = PBXGroup;
			children = (
				17B0E7770FE7BCCECD312052 /* Pods-龙广会员.debug.xcconfig */,
				0128DB683ABB9DD8BEFF8138 /* Pods-龙广会员.release.xcconfig */,
			);
			name = Pods;
			sourceTree = "<group>";
		};
/* End PBXGroup section */

/* Begin PBXNativeTarget section */
		3D31C7EC1E5E6845005E97BF /* 龙广会员 */ = {
			isa = PBXNativeTarget;
			buildConfigurationList = 3D31C81A1E5E6849005E97BF /* Build configuration list for PBXNativeTarget "龙广会员" */;
			buildPhases = (
				87A61780CDD648EE68DCAE91 /* [CP] Check Pods Manifest.lock */,
				3D31C7E91E5E6845005E97BF /* Sources */,
				3D31C7EA1E5E6845005E97BF /* Frameworks */,
				3D31C7EB1E5E6845005E97BF /* Resources */,
				D6A077A439109200068BCEE5 /* [CP] Embed Pods Frameworks */,
				C8CD2A28225514F2B3A3976A /* [CP] Copy Pods Resources */,
			);
			buildRules = (
			);
			dependencies = (
			);
			name = "龙广会员";
			productName = "龙广会员";
			productReference = 3D31C7ED1E5E6845005E97BF /* 龙广会员.app */;
			productType = "com.apple.product-type.application";
		};
		3D31C8051E5E6849005E97BF /* 龙广会员Tests */ = {
			isa = PBXNativeTarget;
			buildConfigurationList = 3D31C81D1E5E6849005E97BF /* Build configuration list for PBXNativeTarget "龙广会员Tests" */;
			buildPhases = (
				3D31C8021E5E6849005E97BF /* Sources */,
				3D31C8031E5E6849005E97BF /* Frameworks */,
				3D31C8041E5E6849005E97BF /* Resources */,
			);
			buildRules = (
			);
			dependencies = (
				3D31C8081E5E6849005E97BF /* PBXTargetDependency */,
			);
			name = "龙广会员Tests";
			productName = "龙广会员Tests";
			productReference = 3D31C8061E5E6849005E97BF /* 龙广会员Tests.xctest */;
			productType = "com.apple.product-type.bundle.unit-test";
		};
		3D31C8101E5E6849005E97BF /* 龙广会员UITests */ = {
			isa = PBXNativeTarget;
			buildConfigurationList = 3D31C8201E5E6849005E97BF /* Build configuration list for PBXNativeTarget "龙广会员UITests" */;
			buildPhases = (
				3D31C80D1E5E6849005E97BF /* Sources */,
				3D31C80E1E5E6849005E97BF /* Frameworks */,
				3D31C80F1E5E6849005E97BF /* Resources */,
			);
			buildRules = (
			);
			dependencies = (
				3D31C8131E5E6849005E97BF /* PBXTargetDependency */,
			);
			name = "龙广会员UITests";
			productName = "龙广会员UITests";
			productReference = 3D31C8111E5E6849005E97BF /* 龙广会员UITests.xctest */;
			productType = "com.apple.product-type.bundle.ui-testing";
		};
/* End PBXNativeTarget section */

/* Begin PBXProject section */
		3D31C7E51E5E6845005E97BF /* Project object */ = {
			isa = PBXProject;
			attributes = {
				CLASSPREFIX = LGHYHD;
				LastUpgradeCheck = 0820;
				ORGANIZATIONNAME = "王宏达";
				TargetAttributes = {
					3D31C7EC1E5E6845005E97BF = {
						CreatedOnToolsVersion = 8.2.1;
						DevelopmentTeam = W4EC2R383Y;
						ProvisioningStyle = Automatic;
					};
					3D31C8051E5E6849005E97BF = {
						CreatedOnToolsVersion = 8.2.1;
						DevelopmentTeam = W4EC2R383Y;
						ProvisioningStyle = Automatic;
						TestTargetID = 3D31C7EC1E5E6845005E97BF;
					};
					3D31C8101E5E6849005E97BF = {
						CreatedOnToolsVersion = 8.2.1;
						DevelopmentTeam = W4EC2R383Y;
						ProvisioningStyle = Automatic;
						TestTargetID = 3D31C7EC1E5E6845005E97BF;
					};
				};
			};
			buildConfigurationList = 3D31C7E81E5E6845005E97BF /* Build configuration list for PBXProject "龙广会员" */;
			compatibilityVersion = "Xcode 3.2";
			developmentRegion = English;
			hasScannedForEncodings = 0;
			knownRegions = (
				en,
				Base,
			);
			mainGroup = 3D31C7E41E5E6845005E97BF;
			productRefGroup = 3D31C7EE1E5E6845005E97BF /* Products */;
			projectDirPath = "";
			projectRoot = "";
			targets = (
				3D31C7EC1E5E6845005E97BF /* 龙广会员 */,
				3D31C8051E5E6849005E97BF /* 龙广会员Tests */,
				3D31C8101E5E6849005E97BF /* 龙广会员UITests */,
			);
		};
/* End PBXProject section */

/* Begin PBXResourcesBuildPhase section */
		3D31C7EB1E5E6845005E97BF /* Resources */ = {
			isa = PBXResourcesBuildPhase;
			buildActionMask = 2147483647;
			files = (
				3D0FF7311E61C416008DD77A /* industry.plist in Resources */,
				3D98E7511E5E8CD000F2CDF9 /* FirstViewList.plist in Resources */,
				3D0FF6A91E615AC2008DD77A /* RealNameList.plist in Resources */,
				3D31C8001E5E6848005E97BF /* LaunchScreen.storyboard in Resources */,
				3D0FF7331E61C41D008DD77A /* beep.wav in Resources */,
				3D31C7FD1E5E6848005E97BF /* Assets.xcassets in Resources */,
				3D0FF72F1E61C40D008DD77A /* weixin.plist in Resources */,
			);
			runOnlyForDeploymentPostprocessing = 0;
		};
		3D31C8041E5E6849005E97BF /* Resources */ = {
			isa = PBXResourcesBuildPhase;
			buildActionMask = 2147483647;
			files = (
			);
			runOnlyForDeploymentPostprocessing = 0;
		};
		3D31C80F1E5E6849005E97BF /* Resources */ = {
			isa = PBXResourcesBuildPhase;
			buildActionMask = 2147483647;
			files = (
			);
			runOnlyForDeploymentPostprocessing = 0;
		};
/* End PBXResourcesBuildPhase section */

/* Begin PBXShellScriptBuildPhase section */
		87A61780CDD648EE68DCAE91 /* [CP] Check Pods Manifest.lock */ = {
			isa = PBXShellScriptBuildPhase;
			buildActionMask = 2147483647;
			files = (
			);
			inputPaths = (
			);
			name = "[CP] Check Pods Manifest.lock";
			outputPaths = (
			);
			runOnlyForDeploymentPostprocessing = 0;
			shellPath = /bin/sh;
			shellScript = "diff \"${PODS_ROOT}/../Podfile.lock\" \"${PODS_ROOT}/Manifest.lock\" > /dev/null\nif [ $? != 0 ] ; then\n    # print error to STDERR\n    echo \"error: The sandbox is not in sync with the Podfile.lock. Run 'pod install' or update your CocoaPods installation.\" >&2\n    exit 1\nfi\n";
			showEnvVarsInLog = 0;
		};
		C8CD2A28225514F2B3A3976A /* [CP] Copy Pods Resources */ = {
			isa = PBXShellScriptBuildPhase;
			buildActionMask = 2147483647;
			files = (
			);
			inputPaths = (
			);
			name = "[CP] Copy Pods Resources";
			outputPaths = (
			);
			runOnlyForDeploymentPostprocessing = 0;
			shellPath = /bin/sh;
			shellScript = "\"${SRCROOT}/Pods/Target Support Files/Pods-龙广会员/Pods-龙广会员-resources.sh\"\n";
			showEnvVarsInLog = 0;
		};
		D6A077A439109200068BCEE5 /* [CP] Embed Pods Frameworks */ = {
			isa = PBXShellScriptBuildPhase;
			buildActionMask = 2147483647;
			files = (
			);
			inputPaths = (
			);
			name = "[CP] Embed Pods Frameworks";
			outputPaths = (
			);
			runOnlyForDeploymentPostprocessing = 0;
			shellPath = /bin/sh;
			shellScript = "\"${SRCROOT}/Pods/Target Support Files/Pods-龙广会员/Pods-龙广会员-frameworks.sh\"\n";
			showEnvVarsInLog = 0;
		};
/* End PBXShellScriptBuildPhase section */

/* Begin PBXSourcesBuildPhase section */
		3D31C7E91E5E6845005E97BF /* Sources */ = {
			isa = PBXSourcesBuildPhase;
			buildActionMask = 2147483647;
			files = (
				3D48CCBA1E62703A005E9FB8 /* ZFPushNoticeViewController.m in Sources */,
				3D98E75A1E5EB90200F2CDF9 /* LGHYHDRegisterViewController.m in Sources */,
				3DF41B111E6051AE009B3099 /* QRCodeReaderView.m in Sources */,
				3D0FF6B51E61683F008DD77A /* LGHYHDSexOfRealViewController.m in Sources */,
				3D31C7F21E5E6846005E97BF /* main.m in Sources */,
				3DF41B0F1E6051AE009B3099 /* UIView+MJAlertView.m in Sources */,
				3D0FF6BB1E618848008DD77A /* LGHYHDUpLoadingImage.m in Sources */,
				3DF41B0D1E6051AE009B3099 /* AVAudioPlayer+PCM.m in Sources */,
				3D0FF7271E61C3D4008DD77A /* LGHYSecondCell.m in Sources */,
				3D98E7841E5F106500F2CDF9 /* LGHYHDRealNameViewController.m in Sources */,
				3D98E74F1E5E8B5A00F2CDF9 /* LGHYHDFirstViewModel.m in Sources */,
				3D0FF73F1E61C5A4008DD77A /* LGHYQianDaoViewController.m in Sources */,
				3D0FF6AF1E616829008DD77A /* LGHYHDNumberOfRealViewController.m in Sources */,
				3D0FF6B81E616855008DD77A /* LGHYHDUploadImageViewController.m in Sources */,
				3D0FF7251E61C3D4008DD77A /* LGHYForthCell.m in Sources */,
				3D0FF7091E61C204008DD77A /* LGHYMessage.m in Sources */,
				3D48CCB41E627018005E9FB8 /* ZFSettingCell.m in Sources */,
				3D0FF7141E61C3B8008DD77A /* LGHYFifth.m in Sources */,
				3DF41B121E6051AE009B3099 /* QRCodeReaderViewController.m in Sources */,
				3D0FF7161E61C3B8008DD77A /* LGHYHeader.m in Sources */,
				3D19C9B41E658D4A00DD4CDD /* LGHYHDScrollView.m in Sources */,
				3D0FF7241E61C3D4008DD77A /* LGHYFifthCell.m in Sources */,
				3D0FF6AC1E616805008DD77A /* LGHYHDNameOfRealViewController.m in Sources */,
				3DF41B0E1E6051AE009B3099 /* MCAudioInputQueue.m in Sources */,
				3D0FF7001E61BED6008DD77A /* LGHYHeaderCell.m in Sources */,
				3D98E7491E5E7EE300F2CDF9 /* LGHYHDButton.m in Sources */,
				3D0FF7391E61C56D008DD77A /* LGHYMessagesViewController.m in Sources */,
				3D0FF7541E61CB2C008DD77A /* LGHYScrollViewController.m in Sources */,
				3D0FF6A41E614EE1008DD77A /* LGHYHDRealNameTableView.m in Sources */,
				3D0FF74E1E61C78F008DD77A /* LGHYPersonalInformaticaView.m in Sources */,
				3D0FF7051E61C198008DD77A /* LGHYBackView.m in Sources */,
				3D48CCB31E627018005E9FB8 /* ZFSettingItem.m in Sources */,
				3D0FF73E1E61C5A4008DD77A /* LGHYCarsViewController.m in Sources */,
				3D0FF7171E61C3B8008DD77A /* LGHYSecond.m in Sources */,
				3D0FF7281E61C3D4008DD77A /* LGHYThirdCell.m in Sources */,
				3D0FF72A1E61C3E1008DD77A /* Industry.m in Sources */,
				3D0FF7181E61C3B8008DD77A /* LGHYThird.m in Sources */,
				3D0FF7261E61C3D4008DD77A /* LGHYMessageCell.m in Sources */,
				3D98E7601E5EBE4100F2CDF9 /* LGHYHDLoginView.m in Sources */,
				3D98E7631E5EC09D00F2CDF9 /* LGHYHDTextField.m in Sources */,
				3D98E77B1E5ED91C00F2CDF9 /* LGHYHDForgetPasswordViewController.m in Sources */,
				3DE28EDF1E6061DB00E3C8AF /* LGHYHDIdentifyingCodeViewController.m in Sources */,
				3D98E74C1E5E8AA900F2CDF9 /* LGHYHDFirstView.m in Sources */,
				3D48CCB21E627018005E9FB8 /* ZFSettingGroup.m in Sources */,
				3D98E75D1E5EBAE100F2CDF9 /* LGHYHDVisitorsViewController.m in Sources */,
				3DF41B101E6051AE009B3099 /* QRCameraSwitchButton.m in Sources */,
				3D0FF6FD1E61B8A8008DD77A /* LGHYHDMainView.m in Sources */,
				3DCF3E291E63B312008B8900 /* LGHYHDRegisterModel.m in Sources */,
				3D0FF6A11E61275A008DD77A /* LGHYHDMainViewController.m in Sources */,
				3D48CCB91E62703A005E9FB8 /* ZFSettingViewController.m in Sources */,
				3D48CCB11E627018005E9FB8 /* ZFBaseSettingViewController.m in Sources */,
				3D0FF7151E61C3B8008DD77A /* LGHYForth.m in Sources */,
				3D0FF7361E61C4FB008DD77A /* LGHYCompileViewController.m in Sources */,
				3D98E7571E5EB69200F2CDF9 /* LGHYHDNavigationViewController.m in Sources */,
				3D98E7811E5EF89F00F2CDF9 /* LGHYHDRegisterView.m in Sources */,
				3D0FF72D1E61C3FA008DD77A /* WeChat.m in Sources */,
				3D0FF7061E61C198008DD77A /* LGHYListView.m in Sources */,
				3D98E78A1E5F18E200F2CDF9 /* LGHYHDForgetPasswordView.m in Sources */,
				3D0FF6B21E616837008DD77A /* LGHYHDCountryOfRealViewController.m in Sources */,
				3D98E7541E5EB59D00F2CDF9 /* LGHYHDLoginViewController.m in Sources */,
				3D98E73B1E5E77E300F2CDF9 /* AppDelegate.m in Sources */,
				3D0FF7511E61C892008DD77A /* LGHYButton.m in Sources */,
				3D98E7421E5E790A00F2CDF9 /* LGHYHDFirstViewController.m in Sources */,
				3D19C9B11E657D9700DD4CDD /* UITextField+LGHYHDMobileNumber.m in Sources */,
				3D98E7871E5F16F700F2CDF9 /* LGHYHDRealNameView.m in Sources */,
				3D0FF7421E61C5D5008DD77A /* LGHYPersonalInformationController.m in Sources */,
				3D0FF6A71E6159F9008DD77A /* LGHYHDRealName.m in Sources */,
			);
			runOnlyForDeploymentPostprocessing = 0;
		};
		3D31C8021E5E6849005E97BF /* Sources */ = {
			isa = PBXSourcesBuildPhase;
			buildActionMask = 2147483647;
			files = (
				3D31C80B1E5E6849005E97BF /* ____Tests.m in Sources */,
			);
			runOnlyForDeploymentPostprocessing = 0;
		};
		3D31C80D1E5E6849005E97BF /* Sources */ = {
			isa = PBXSourcesBuildPhase;
			buildActionMask = 2147483647;
			files = (
				3D31C8161E5E6849005E97BF /* ____UITests.m in Sources */,
			);
			runOnlyForDeploymentPostprocessing = 0;
		};
/* End PBXSourcesBuildPhase section */

/* Begin PBXTargetDependency section */
		3D31C8081E5E6849005E97BF /* PBXTargetDependency */ = {
			isa = PBXTargetDependency;
			target = 3D31C7EC1E5E6845005E97BF /* 龙广会员 */;
			targetProxy = 3D31C8071E5E6849005E97BF /* PBXContainerItemProxy */;
		};
		3D31C8131E5E6849005E97BF /* PBXTargetDependency */ = {
			isa = PBXTargetDependency;
			target = 3D31C7EC1E5E6845005E97BF /* 龙广会员 */;
			targetProxy = 3D31C8121E5E6849005E97BF /* PBXContainerItemProxy */;
		};
/* End PBXTargetDependency section */

/* Begin PBXVariantGroup section */
		3D31C7FE1E5E6848005E97BF /* LaunchScreen.storyboard */ = {
			isa = PBXVariantGroup;
			children = (
				3D31C7FF1E5E6848005E97BF /* Base */,
			);
			name = LaunchScreen.storyboard;
			sourceTree = "<group>";
		};
/* End PBXVariantGroup section */

/* Begin XCBuildConfiguration section */
		3D31C8181E5E6849005E97BF /* Debug */ = {
			isa = XCBuildConfiguration;
			buildSettings = {
				ALWAYS_SEARCH_USER_PATHS = NO;
				CLANG_ANALYZER_NONNULL = YES;
				CLANG_CXX_LANGUAGE_STANDARD = "gnu++0x";
				CLANG_CXX_LIBRARY = "libc++";
				CLANG_ENABLE_MODULES = YES;
				CLANG_ENABLE_OBJC_ARC = YES;
				CLANG_WARN_BOOL_CONVERSION = YES;
				CLANG_WARN_CONSTANT_CONVERSION = YES;
				CLANG_WARN_DIRECT_OBJC_ISA_USAGE = YES_ERROR;
				CLANG_WARN_DOCUMENTATION_COMMENTS = YES;
				CLANG_WARN_EMPTY_BODY = YES;
				CLANG_WARN_ENUM_CONVERSION = YES;
				CLANG_WARN_INFINITE_RECURSION = YES;
				CLANG_WARN_INT_CONVERSION = YES;
				CLANG_WARN_OBJC_ROOT_CLASS = YES_ERROR;
				CLANG_WARN_SUSPICIOUS_MOVE = YES;
				CLANG_WARN_UNREACHABLE_CODE = YES;
				CLANG_WARN__DUPLICATE_METHOD_MATCH = YES;
				"CODE_SIGN_IDENTITY[sdk=iphoneos*]" = "iPhone Developer";
				COPY_PHASE_STRIP = NO;
				DEBUG_INFORMATION_FORMAT = dwarf;
				ENABLE_STRICT_OBJC_MSGSEND = YES;
				ENABLE_TESTABILITY = YES;
				GCC_C_LANGUAGE_STANDARD = gnu99;
				GCC_DYNAMIC_NO_PIC = NO;
				GCC_NO_COMMON_BLOCKS = YES;
				GCC_OPTIMIZATION_LEVEL = 0;
				GCC_PREPROCESSOR_DEFINITIONS = (
					"DEBUG=1",
					"$(inherited)",
				);
				GCC_WARN_64_TO_32_BIT_CONVERSION = YES;
				GCC_WARN_ABOUT_RETURN_TYPE = YES_ERROR;
				GCC_WARN_UNDECLARED_SELECTOR = YES;
				GCC_WARN_UNINITIALIZED_AUTOS = YES_AGGRESSIVE;
				GCC_WARN_UNUSED_FUNCTION = YES;
				GCC_WARN_UNUSED_VARIABLE = YES;
				IPHONEOS_DEPLOYMENT_TARGET = 10.2;
				MTL_ENABLE_DEBUG_INFO = YES;
				ONLY_ACTIVE_ARCH = YES;
				SDKROOT = iphoneos;
				USER_HEADER_SEARCH_PATHS = "${SRCROOT}/**";
			};
			name = Debug;
		};
		3D31C8191E5E6849005E97BF /* Release */ = {
			isa = XCBuildConfiguration;
			buildSettings = {
				ALWAYS_SEARCH_USER_PATHS = NO;
				CLANG_ANALYZER_NONNULL = YES;
				CLANG_CXX_LANGUAGE_STANDARD = "gnu++0x";
				CLANG_CXX_LIBRARY = "libc++";
				CLANG_ENABLE_MODULES = YES;
				CLANG_ENABLE_OBJC_ARC = YES;
				CLANG_WARN_BOOL_CONVERSION = YES;
				CLANG_WARN_CONSTANT_CONVERSION = YES;
				CLANG_WARN_DIRECT_OBJC_ISA_USAGE = YES_ERROR;
				CLANG_WARN_DOCUMENTATION_COMMENTS = YES;
				CLANG_WARN_EMPTY_BODY = YES;
				CLANG_WARN_ENUM_CONVERSION = YES;
				CLANG_WARN_INFINITE_RECURSION = YES;
				CLANG_WARN_INT_CONVERSION = YES;
				CLANG_WARN_OBJC_ROOT_CLASS = YES_ERROR;
				CLANG_WARN_SUSPICIOUS_MOVE = YES;
				CLANG_WARN_UNREACHABLE_CODE = YES;
				CLANG_WARN__DUPLICATE_METHOD_MATCH = YES;
				"CODE_SIGN_IDENTITY[sdk=iphoneos*]" = "iPhone Developer";
				COPY_PHASE_STRIP = NO;
				DEBUG_INFORMATION_FORMAT = "dwarf-with-dsym";
				ENABLE_NS_ASSERTIONS = NO;
				ENABLE_STRICT_OBJC_MSGSEND = YES;
				GCC_C_LANGUAGE_STANDARD = gnu99;
				GCC_NO_COMMON_BLOCKS = YES;
				GCC_WARN_64_TO_32_BIT_CONVERSION = YES;
				GCC_WARN_ABOUT_RETURN_TYPE = YES_ERROR;
				GCC_WARN_UNDECLARED_SELECTOR = YES;
				GCC_WARN_UNINITIALIZED_AUTOS = YES_AGGRESSIVE;
				GCC_WARN_UNUSED_FUNCTION = YES;
				GCC_WARN_UNUSED_VARIABLE = YES;
				IPHONEOS_DEPLOYMENT_TARGET = 10.2;
				MTL_ENABLE_DEBUG_INFO = NO;
				SDKROOT = iphoneos;
				USER_HEADER_SEARCH_PATHS = "${SRCROOT}/**";
				VALIDATE_PRODUCT = YES;
			};
			name = Release;
		};
		3D31C81B1E5E6849005E97BF /* Debug */ = {
			isa = XCBuildConfiguration;
			baseConfigurationReference = 17B0E7770FE7BCCECD312052 /* Pods-龙广会员.debug.xcconfig */;
			buildSettings = {
				ASSETCATALOG_COMPILER_APPICON_NAME = AppIcon;
				DEVELOPMENT_TEAM = W4EC2R383Y;
				GCC_PRECOMPILE_PREFIX_HEADER = NO;
				GCC_PREFIX_HEADER = "/Users/wanghongda/Desktop/longguanghuiyuan/龙广会员/龙广会员/Other/PrefixHeader.pch";
				INFOPLIST_FILE = "龙广会员/Info.plist";
				LD_RUNPATH_SEARCH_PATHS = "$(inherited) @executable_path/Frameworks";
				PRODUCT_BUNDLE_IDENTIFIER = "uormi.----";
				PRODUCT_NAME = "$(TARGET_NAME)";
				TARGETED_DEVICE_FAMILY = "1,2";
			};
			name = Debug;
		};
		3D31C81C1E5E6849005E97BF /* Release */ = {
			isa = XCBuildConfiguration;
			baseConfigurationReference = 0128DB683ABB9DD8BEFF8138 /* Pods-龙广会员.release.xcconfig */;
			buildSettings = {
				ASSETCATALOG_COMPILER_APPICON_NAME = AppIcon;
				DEVELOPMENT_TEAM = W4EC2R383Y;
				GCC_PRECOMPILE_PREFIX_HEADER = NO;
				GCC_PREFIX_HEADER = "/Users/wanghongda/Desktop/longguanghuiyuan/龙广会员/龙广会员/Other/PrefixHeader.pch";
				INFOPLIST_FILE = "龙广会员/Info.plist";
				LD_RUNPATH_SEARCH_PATHS = "$(inherited) @executable_path/Frameworks";
				PRODUCT_BUNDLE_IDENTIFIER = "uormi.----";
				PRODUCT_NAME = "$(TARGET_NAME)";
				TARGETED_DEVICE_FAMILY = "1,2";
			};
			name = Release;
		};
		3D31C81E1E5E6849005E97BF /* Debug */ = {
			isa = XCBuildConfiguration;
			buildSettings = {
				BUNDLE_LOADER = "$(TEST_HOST)";
				DEVELOPMENT_TEAM = W4EC2R383Y;
				INFOPLIST_FILE = "龙广会员Tests/Info.plist";
				LD_RUNPATH_SEARCH_PATHS = "$(inherited) @executable_path/Frameworks @loader_path/Frameworks";
				PRODUCT_BUNDLE_IDENTIFIER = "com.---.----Tests";
				PRODUCT_NAME = "$(TARGET_NAME)";
				TEST_HOST = "$(BUILT_PRODUCTS_DIR)/龙广会员.app/龙广会员";
			};
			name = Debug;
		};
		3D31C81F1E5E6849005E97BF /* Release */ = {
			isa = XCBuildConfiguration;
			buildSettings = {
				BUNDLE_LOADER = "$(TEST_HOST)";
				DEVELOPMENT_TEAM = W4EC2R383Y;
				INFOPLIST_FILE = "龙广会员Tests/Info.plist";
				LD_RUNPATH_SEARCH_PATHS = "$(inherited) @executable_path/Frameworks @loader_path/Frameworks";
				PRODUCT_BUNDLE_IDENTIFIER = "com.---.----Tests";
				PRODUCT_NAME = "$(TARGET_NAME)";
				TEST_HOST = "$(BUILT_PRODUCTS_DIR)/龙广会员.app/龙广会员";
			};
			name = Release;
		};
		3D31C8211E5E6849005E97BF /* Debug */ = {
			isa = XCBuildConfiguration;
			buildSettings = {
				DEVELOPMENT_TEAM = W4EC2R383Y;
				INFOPLIST_FILE = "龙广会员UITests/Info.plist";
				LD_RUNPATH_SEARCH_PATHS = "$(inherited) @executable_path/Frameworks @loader_path/Frameworks";
				PRODUCT_BUNDLE_IDENTIFIER = "com.---.----UITests";
				PRODUCT_NAME = "$(TARGET_NAME)";
				TEST_TARGET_NAME = "龙广会员";
			};
			name = Debug;
		};
		3D31C8221E5E6849005E97BF /* Release */ = {
			isa = XCBuildConfiguration;
			buildSettings = {
				DEVELOPMENT_TEAM = W4EC2R383Y;
				INFOPLIST_FILE = "龙广会员UITests/Info.plist";
				LD_RUNPATH_SEARCH_PATHS = "$(inherited) @executable_path/Frameworks @loader_path/Frameworks";
				PRODUCT_BUNDLE_IDENTIFIER = "com.---.----UITests";
				PRODUCT_NAME = "$(TARGET_NAME)";
				TEST_TARGET_NAME = "龙广会员";
			};
			name = Release;
		};
/* End XCBuildConfiguration section */

/* Begin XCConfigurationList section */
		3D31C7E81E5E6845005E97BF /* Build configuration list for PBXProject "龙广会员" */ = {
			isa = XCConfigurationList;
			buildConfigurations = (
				3D31C8181E5E6849005E97BF /* Debug */,
				3D31C8191E5E6849005E97BF /* Release */,
			);
			defaultConfigurationIsVisible = 0;
			defaultConfigurationName = Release;
		};
		3D31C81A1E5E6849005E97BF /* Build configuration list for PBXNativeTarget "龙广会员" */ = {
			isa = XCConfigurationList;
			buildConfigurations = (
				3D31C81B1E5E6849005E97BF /* Debug */,
				3D31C81C1E5E6849005E97BF /* Release */,
			);
			defaultConfigurationIsVisible = 0;
			defaultConfigurationName = Release;
		};
		3D31C81D1E5E6849005E97BF /* Build configuration list for PBXNativeTarget "龙广会员Tests" */ = {
			isa = XCConfigurationList;
			buildConfigurations = (
				3D31C81E1E5E6849005E97BF /* Debug */,
				3D31C81F1E5E6849005E97BF /* Release */,
			);
			defaultConfigurationIsVisible = 0;
			defaultConfigurationName = Release;
		};
		3D31C8201E5E6849005E97BF /* Build configuration list for PBXNativeTarget "龙广会员UITests" */ = {
			isa = XCConfigurationList;
			buildConfigurations = (
				3D31C8211E5E6849005E97BF /* Debug */,
				3D31C8221E5E6849005E97BF /* Release */,
			);
			defaultConfigurationIsVisible = 0;
			defaultConfigurationName = Release;
		};
/* End XCConfigurationList section */
	};
	rootObject = 3D31C7E51E5E6845005E97BF /* Project object */;
}
